// !$*UTF8*$!
{
	archiveVersion = 1;
	classes = {
	};
	objectVersion = 55;
	objects = {

/* Begin PBXBuildFile section */
		4086694DC62426D57D5D4CE3 /* Pods_MonoList.framework in Frameworks */ = {isa = PBXBuildFile; fileRef = 395E573228CF870EA90A642E /* Pods_MonoList.framework */; };
		AA0C50EF27C6FE6300FBC56B /* NomalCheckListView.swift in Sources */ = {isa = PBXBuildFile; fileRef = AA0C50EE27C6FE6200FBC56B /* NomalCheckListView.swift */; };
		AA0C50F127C6FEDA00FBC56B /* PhotoCheckListView.swift in Sources */ = {isa = PBXBuildFile; fileRef = AA0C50F027C6FEDA00FBC56B /* PhotoCheckListView.swift */; };
		AA0C50F327C7017400FBC56B /* InoperableView.swift in Sources */ = {isa = PBXBuildFile; fileRef = AA0C50F227C7017400FBC56B /* InoperableView.swift */; };
		AA0C50F527C707D400FBC56B /* EdgeInsetsExtension.swift in Sources */ = {isa = PBXBuildFile; fileRef = AA0C50F427C707D400FBC56B /* EdgeInsetsExtension.swift */; };
		AA0C50F727C70FE800FBC56B /* PlusPlanView.swift in Sources */ = {isa = PBXBuildFile; fileRef = AA0C50F627C70FE800FBC56B /* PlusPlanView.swift */; };
		AA0C50FC27C8810500FBC56B /* MonoListSampleData.plist in Resources */ = {isa = PBXBuildFile; fileRef = AA0C50FB27C8810400FBC56B /* MonoListSampleData.plist */; };
		AA0C50FE27C8816800FBC56B /* MonoListCatalogData.plist in Resources */ = {isa = PBXBuildFile; fileRef = AA0C50FD27C8816800FBC56B /* MonoListCatalogData.plist */; };
		AA0C510027C8821300FBC56B /* DataManagementView.swift in Sources */ = {isa = PBXBuildFile; fileRef = AA0C50FF27C8821300FBC56B /* DataManagementView.swift */; };
		AA2E0C272789C92400D23B6B /* ItemListCellView.swift in Sources */ = {isa = PBXBuildFile; fileRef = AA2E0C262789C92400D23B6B /* ItemListCellView.swift */; };
		AA340B8E27BC880B0080DD33 /* MLImagePicker.swift in Sources */ = {isa = PBXBuildFile; fileRef = AA340B8D27BC880B0080DD33 /* MLImagePicker.swift */; };
		AA340B9027BC98760080DD33 /* PhotoButtonView.swift in Sources */ = {isa = PBXBuildFile; fileRef = AA340B8F27BC98760080DD33 /* PhotoButtonView.swift */; };
		AA340B9227BCA56D0080DD33 /* SampleImage.png in Resources */ = {isa = PBXBuildFile; fileRef = AA340B9127BCA56D0080DD33 /* SampleImage.png */; };
		AA340B9827BCCE9A0080DD33 /* UIImageExtension.swift in Sources */ = {isa = PBXBuildFile; fileRef = AA340B9727BCCE9A0080DD33 /* UIImageExtension.swift */; };
		AA340B9C27BD51EE0080DD33 /* ImageLabelView.swift in Sources */ = {isa = PBXBuildFile; fileRef = AA340B9B27BD51EE0080DD33 /* ImageLabelView.swift */; };
		AA351A782776BB5300F53BDC /* MonoListApp.swift in Sources */ = {isa = PBXBuildFile; fileRef = AA351A772776BB5300F53BDC /* MonoListApp.swift */; };
		AA351A7A2776BB5300F53BDC /* HomeView.swift in Sources */ = {isa = PBXBuildFile; fileRef = AA351A792776BB5300F53BDC /* HomeView.swift */; };
		AA351A7C2776BB5500F53BDC /* Assets.xcassets in Resources */ = {isa = PBXBuildFile; fileRef = AA351A7B2776BB5500F53BDC /* Assets.xcassets */; };
		AA351A7F2776BB5500F53BDC /* Preview Assets.xcassets in Resources */ = {isa = PBXBuildFile; fileRef = AA351A7E2776BB5500F53BDC /* Preview Assets.xcassets */; };
		AA351A812776BB5500F53BDC /* Persistence.swift in Sources */ = {isa = PBXBuildFile; fileRef = AA351A802776BB5500F53BDC /* Persistence.swift */; };
		AA351A842776BB5500F53BDC /* MonoList.xcdatamodeld in Sources */ = {isa = PBXBuildFile; fileRef = AA351A822776BB5500F53BDC /* MonoList.xcdatamodeld */; };
		AA3675B927B0AE1F00611D8A /* FolderData.swift in Sources */ = {isa = PBXBuildFile; fileRef = AA3675B827B0AE1F00611D8A /* FolderData.swift */; };
		AA3675BB27B0AEB600611D8A /* ItemListData.swift in Sources */ = {isa = PBXBuildFile; fileRef = AA3675BA27B0AEB600611D8A /* ItemListData.swift */; };
		AA3675BD27B0AEC400611D8A /* ItemData.swift in Sources */ = {isa = PBXBuildFile; fileRef = AA3675BC27B0AEC400611D8A /* ItemData.swift */; };
		AA3675BF27B0AED000611D8A /* NotificationData.swift in Sources */ = {isa = PBXBuildFile; fileRef = AA3675BE27B0AED000611D8A /* NotificationData.swift */; };
		AA3675C127B0AF5200611D8A /* CategoryData.swift in Sources */ = {isa = PBXBuildFile; fileRef = AA3675C027B0AF5200611D8A /* CategoryData.swift */; };
		AA3675C327B0AF6800611D8A /* MonoListData.swift in Sources */ = {isa = PBXBuildFile; fileRef = AA3675C227B0AF6800611D8A /* MonoListData.swift */; };
		AA3675CB27B0D59500611D8A /* SettingsView.swift in Sources */ = {isa = PBXBuildFile; fileRef = AA3675CA27B0D59500611D8A /* SettingsView.swift */; };
		AA3675D127B2495C00611D8A /* WeightView.swift in Sources */ = {isa = PBXBuildFile; fileRef = AA3675D027B2495C00611D8A /* WeightView.swift */; };
		AA3675D327B2548500611D8A /* Feedbacks.swift in Sources */ = {isa = PBXBuildFile; fileRef = AA3675D227B2548400611D8A /* Feedbacks.swift */; };
		AA3675D527B32C4C00611D8A /* CategoriesView.swift in Sources */ = {isa = PBXBuildFile; fileRef = AA3675D427B32C4C00611D8A /* CategoriesView.swift */; };
		AA3675D827B33A7500611D8A /* EditCategoryView.swift in Sources */ = {isa = PBXBuildFile; fileRef = AA3675D727B33A7500611D8A /* EditCategoryView.swift */; };
		AA3675DA27B4862200611D8A /* DarkHighlightButtonStyle.swift in Sources */ = {isa = PBXBuildFile; fileRef = AA3675D927B4862200611D8A /* DarkHighlightButtonStyle.swift */; };
		AA3675DC27B49FF600611D8A /* CategoryLabelView.swift in Sources */ = {isa = PBXBuildFile; fileRef = AA3675DB27B49FF600611D8A /* CategoryLabelView.swift */; };
		AA3675E127B5E73800611D8A /* RichAlert.swift in Sources */ = {isa = PBXBuildFile; fileRef = AA3675E027B5E73800611D8A /* RichAlert.swift */; };
		AA3675E327B5F5BF00611D8A /* RichAlertButtonStyle.swift in Sources */ = {isa = PBXBuildFile; fileRef = AA3675E227B5F5BF00611D8A /* RichAlertButtonStyle.swift */; };
		AA3675E527B733F800611D8A /* FitCapsuleButtonStyle.swift in Sources */ = {isa = PBXBuildFile; fileRef = AA3675E427B733F800611D8A /* FitCapsuleButtonStyle.swift */; };
		AA3675E727B73A4400611D8A /* MiniXButtonView.swift in Sources */ = {isa = PBXBuildFile; fileRef = AA3675E627B73A4400611D8A /* MiniXButtonView.swift */; };
		AA3675E927B745B800611D8A /* EditItemListButtonView.swift in Sources */ = {isa = PBXBuildFile; fileRef = AA3675E827B745B800611D8A /* EditItemListButtonView.swift */; };
		AA469411279A71730083142D /* DoubleExtension.swift in Sources */ = {isa = PBXBuildFile; fileRef = AA469410279A71730083142D /* DoubleExtension.swift */; };
		AA469414279A735B0083142D /* NumberView.swift in Sources */ = {isa = PBXBuildFile; fileRef = AA469413279A735B0083142D /* NumberView.swift */; };
		AA5FAB9427C5D6B400A85AC6 /* NoListsView.swift in Sources */ = {isa = PBXBuildFile; fileRef = AA5FAB9327C5D6B400A85AC6 /* NoListsView.swift */; };
		AA5FAB9827C5DCD100A85AC6 /* NoWeightView.swift in Sources */ = {isa = PBXBuildFile; fileRef = AA5FAB9727C5DCD100A85AC6 /* NoWeightView.swift */; };
		AA6F605427C0F1B400DCB446 /* PieChartView.swift in Sources */ = {isa = PBXBuildFile; fileRef = AA6F605327C0F1B400DCB446 /* PieChartView.swift */; };
		AA6F605627C0F1C500DCB446 /* PieSliceView.swift in Sources */ = {isa = PBXBuildFile; fileRef = AA6F605527C0F1C500DCB446 /* PieSliceView.swift */; };
		AA6F605A27C1309F00DCB446 /* LICENSE in Resources */ = {isa = PBXBuildFile; fileRef = AA6F605927C1309F00DCB446 /* LICENSE */; };
		AA6F605C27C13F6600DCB446 /* UIColorExtension.swift in Sources */ = {isa = PBXBuildFile; fileRef = AA6F605B27C13F6600DCB446 /* UIColorExtension.swift */; };
		AA7E1E8C278ED9840080D80F /* EditRepeatNotificationView.swift in Sources */ = {isa = PBXBuildFile; fileRef = AA7E1E8B278ED9840080D80F /* EditRepeatNotificationView.swift */; };
		AA82C025277AC0D3001CEFFA /* Constants.swift in Sources */ = {isa = PBXBuildFile; fileRef = AA82C024277AC0D3001CEFFA /* Constants.swift */; };
		AA82C04B277B319E001CEFFA /* Notification+CoreDataClass.swift in Sources */ = {isa = PBXBuildFile; fileRef = AA82C043277B319E001CEFFA /* Notification+CoreDataClass.swift */; };
		AA82C04C277B319E001CEFFA /* Notification+CoreDataProperties.swift in Sources */ = {isa = PBXBuildFile; fileRef = AA82C044277B319E001CEFFA /* Notification+CoreDataProperties.swift */; };
		AA82C04D277B319E001CEFFA /* ItemList+CoreDataClass.swift in Sources */ = {isa = PBXBuildFile; fileRef = AA82C045277B319E001CEFFA /* ItemList+CoreDataClass.swift */; };
		AA82C04E277B319E001CEFFA /* ItemList+CoreDataProperties.swift in Sources */ = {isa = PBXBuildFile; fileRef = AA82C046277B319E001CEFFA /* ItemList+CoreDataProperties.swift */; };
		AA82C04F277B319E001CEFFA /* Folder+CoreDataClass.swift in Sources */ = {isa = PBXBuildFile; fileRef = AA82C047277B319E001CEFFA /* Folder+CoreDataClass.swift */; };
		AA82C050277B319E001CEFFA /* Folder+CoreDataProperties.swift in Sources */ = {isa = PBXBuildFile; fileRef = AA82C048277B319E001CEFFA /* Folder+CoreDataProperties.swift */; };
		AA82C052277DECC4001CEFFA /* MonoListManager.swift in Sources */ = {isa = PBXBuildFile; fileRef = AA82C051277DECC4001CEFFA /* MonoListManager.swift */; };
		AA82C054277EA2B8001CEFFA /* EditFolderView.swift in Sources */ = {isa = PBXBuildFile; fileRef = AA82C053277EA2B8001CEFFA /* EditFolderView.swift */; };
		AA82C057277EF105001CEFFA /* CircleButtonStyle.swift in Sources */ = {isa = PBXBuildFile; fileRef = AA82C056277EF105001CEFFA /* CircleButtonStyle.swift */; };
		AA8750B1278C4DAD00540BA0 /* ItemListInfoView.swift in Sources */ = {isa = PBXBuildFile; fileRef = AA8750B0278C4DAD00540BA0 /* ItemListInfoView.swift */; };
		AA8750B5278C57A700540BA0 /* InfoGroupBoxView.swift in Sources */ = {isa = PBXBuildFile; fileRef = AA8750B4278C57A700540BA0 /* InfoGroupBoxView.swift */; };
		AA8750B7278D3B7D00540BA0 /* ItemsGroupBoxView.swift in Sources */ = {isa = PBXBuildFile; fileRef = AA8750B6278D3B7D00540BA0 /* ItemsGroupBoxView.swift */; };
		AA8750B9278D3D5D00540BA0 /* EditNotificationsGroupBoxView.swift in Sources */ = {isa = PBXBuildFile; fileRef = AA8750B8278D3D5D00540BA0 /* EditNotificationsGroupBoxView.swift */; };
		AA8750BD278D3E5E00540BA0 /* OthersGroupBoxView.swift in Sources */ = {isa = PBXBuildFile; fileRef = AA8750BC278D3E5E00540BA0 /* OthersGroupBoxView.swift */; };
		AA8750BF278D3F0D00540BA0 /* ListTitleView.swift in Sources */ = {isa = PBXBuildFile; fileRef = AA8750BE278D3F0D00540BA0 /* ListTitleView.swift */; };
		AA8750C1278D518900540BA0 /* ExpandToggleStyle.swift in Sources */ = {isa = PBXBuildFile; fileRef = AA8750C0278D518900540BA0 /* ExpandToggleStyle.swift */; };
		AA8750C8278DB1FA00540BA0 /* DateExtension.swift in Sources */ = {isa = PBXBuildFile; fileRef = AA8750C7278DB1FA00540BA0 /* DateExtension.swift */; };
		AA8750CA278DB70000540BA0 /* NotificationListView.swift in Sources */ = {isa = PBXBuildFile; fileRef = AA8750C9278DB70000540BA0 /* NotificationListView.swift */; };
		AA8BD47A278DD3D300488027 /* WhiteGroupBoxStyle.swift in Sources */ = {isa = PBXBuildFile; fileRef = AA8BD479278DD3D300488027 /* WhiteGroupBoxStyle.swift */; };
		AA9977A72782735A002B4C57 /* SortFoldersView.swift in Sources */ = {isa = PBXBuildFile; fileRef = AA9977A62782735A002B4C57 /* SortFoldersView.swift */; };
		AA9977AB2783F176002B4C57 /* EditItemListView.swift in Sources */ = {isa = PBXBuildFile; fileRef = AA9977AA2783F176002B4C57 /* EditItemListView.swift */; };
		AA9977AD2783F4AA002B4C57 /* ItemListsView.swift in Sources */ = {isa = PBXBuildFile; fileRef = AA9977AC2783F4AA002B4C57 /* ItemListsView.swift */; };
		AAA8867427A3E59C00FD4D5E /* Icons.plist in Resources */ = {isa = PBXBuildFile; fileRef = AAA8867327A3E59C00FD4D5E /* Icons.plist */; };
		AAA8867A27A3E76E00FD4D5E /* ListIcon.swift in Sources */ = {isa = PBXBuildFile; fileRef = AAA8867727A3E76D00FD4D5E /* ListIcon.swift */; };
		AAA8867B27A3E76E00FD4D5E /* ListIconManager.swift in Sources */ = {isa = PBXBuildFile; fileRef = AAA8867827A3E76E00FD4D5E /* ListIconManager.swift */; };
		AAA8867C27A3E76E00FD4D5E /* ListIconSection.swift in Sources */ = {isa = PBXBuildFile; fileRef = AAA8867927A3E76E00FD4D5E /* ListIconSection.swift */; };
		AAA8867E27A3E9A600FD4D5E /* EditIconView.swift in Sources */ = {isa = PBXBuildFile; fileRef = AAA8867D27A3E9A600FD4D5E /* EditIconView.swift */; };
		AAA8868127A3EA4000FD4D5E /* IconSectionHeaderView.swift in Sources */ = {isa = PBXBuildFile; fileRef = AAA8868027A3EA4000FD4D5E /* IconSectionHeaderView.swift */; };
		AAA8868327A3EBD000FD4D5E /* IconImageView.swift in Sources */ = {isa = PBXBuildFile; fileRef = AAA8868227A3EBD000FD4D5E /* IconImageView.swift */; };
		AAB52BE227C32A970050A912 /* EditSpecificDateAndTimeNotificationView.swift in Sources */ = {isa = PBXBuildFile; fileRef = AAB52BE127C32A970050A912 /* EditSpecificDateAndTimeNotificationView.swift */; };
		AAB52BE527C34AC40050A912 /* Deeplinker.swift in Sources */ = {isa = PBXBuildFile; fileRef = AAB52BE427C34AC40050A912 /* Deeplinker.swift */; };
		AAB52BEA27C351EC0050A912 /* Environment.swift in Sources */ = {isa = PBXBuildFile; fileRef = AAB52BE927C351EC0050A912 /* Environment.swift */; };
		AAB52BEC27C383080050A912 /* NotificationManager.swift in Sources */ = {isa = PBXBuildFile; fileRef = AAB52BEB27C383080050A912 /* NotificationManager.swift */; };
		AAB52BF027C45DFE0050A912 /* NotificationsGroupBoxView.swift in Sources */ = {isa = PBXBuildFile; fileRef = AAB52BEF27C45DFE0050A912 /* NotificationsGroupBoxView.swift */; };
		AAB9BD53278136D70055CD85 /* FolderSectionView.swift in Sources */ = {isa = PBXBuildFile; fileRef = AAB9BD52278136D70055CD85 /* FolderSectionView.swift */; };
		AAC3DDBE278F080600983100 /* CapsuleButtonStyle.swift in Sources */ = {isa = PBXBuildFile; fileRef = AAC3DDBD278F080600983100 /* CapsuleButtonStyle.swift */; };
		AAC3DDC1278FDBC600983100 /* AlarmView.swift in Sources */ = {isa = PBXBuildFile; fileRef = AAC3DDC0278FDBC600983100 /* AlarmView.swift */; };
		AAC3DDC8278FE97200983100 /* SelectDestinationView.swift in Sources */ = {isa = PBXBuildFile; fileRef = AAC3DDC7278FE97200983100 /* SelectDestinationView.swift */; };
		AAC3DDCC27906B5700983100 /* EditItemDetail.swift in Sources */ = {isa = PBXBuildFile; fileRef = AAC3DDCB27906B5700983100 /* EditItemDetail.swift */; };
		AAC3DDCE27911E4D00983100 /* SelectCategoryView.swift in Sources */ = {isa = PBXBuildFile; fileRef = AAC3DDCD27911E4D00983100 /* SelectCategoryView.swift */; };
		AAC3DDD22791A0F100983100 /* WeightLabelView.swift in Sources */ = {isa = PBXBuildFile; fileRef = AAC3DDD12791A0F100983100 /* WeightLabelView.swift */; };
		AAC3DDD42791A19F00983100 /* QuantityLabelView.swift in Sources */ = {isa = PBXBuildFile; fileRef = AAC3DDD32791A19F00983100 /* QuantityLabelView.swift */; };
		AAC3DDD72791AA4800983100 /* CheckListView.swift in Sources */ = {isa = PBXBuildFile; fileRef = AAC3DDD62791AA4800983100 /* CheckListView.swift */; };
		AAC3DDDB2791D68A00983100 /* ItemListView.swift in Sources */ = {isa = PBXBuildFile; fileRef = AAC3DDDA2791D68A00983100 /* ItemListView.swift */; };
		AAC3DDDE2793056600983100 /* UINavigationControllerExtension.swift in Sources */ = {isa = PBXBuildFile; fileRef = AAC3DDDD2793056500983100 /* UINavigationControllerExtension.swift */; };
		AAC3DDE227940EAD00983100 /* CheckmarkToggleStyle.swift in Sources */ = {isa = PBXBuildFile; fileRef = AAC3DDE127940EAC00983100 /* CheckmarkToggleStyle.swift */; };
		AAC3DDE42794408A00983100 /* CheckItemCell.swift in Sources */ = {isa = PBXBuildFile; fileRef = AAC3DDE32794408A00983100 /* CheckItemCell.swift */; };
		AAC3DDE627958FD800983100 /* LargeCircleButtonStyle.swift in Sources */ = {isa = PBXBuildFile; fileRef = AAC3DDE527958FD800983100 /* LargeCircleButtonStyle.swift */; };
		AACBBC72279AF8CD00A42108 /* Category+CoreDataClass.swift in Sources */ = {isa = PBXBuildFile; fileRef = AACBBC6E279AF8CD00A42108 /* Category+CoreDataClass.swift */; };
		AACBBC73279AF8CD00A42108 /* Category+CoreDataProperties.swift in Sources */ = {isa = PBXBuildFile; fileRef = AACBBC6F279AF8CD00A42108 /* Category+CoreDataProperties.swift */; };
		AACBBC74279AF8CD00A42108 /* Item+CoreDataClass.swift in Sources */ = {isa = PBXBuildFile; fileRef = AACBBC70279AF8CD00A42108 /* Item+CoreDataClass.swift */; };
		AACBBC75279AF8CD00A42108 /* Item+CoreDataProperties.swift in Sources */ = {isa = PBXBuildFile; fileRef = AACBBC71279AF8CD00A42108 /* Item+CoreDataProperties.swift */; };
		AACBBC77279AFF2F00A42108 /* NoItemsView.swift in Sources */ = {isa = PBXBuildFile; fileRef = AACBBC76279AFF2F00A42108 /* NoItemsView.swift */; };
		AACBBC79279C1F0D00A42108 /* CategoryManager.swift in Sources */ = {isa = PBXBuildFile; fileRef = AACBBC78279C1F0D00A42108 /* CategoryManager.swift */; };
		AACBBC7B279C230E00A42108 /* XButtonView.swift in Sources */ = {isa = PBXBuildFile; fileRef = AACBBC7A279C230E00A42108 /* XButtonView.swift */; };
		AACBBC7D279C2F2200A42108 /* RoundedGrayTextFieldStyle.swift in Sources */ = {isa = PBXBuildFile; fileRef = AACBBC7C279C2F2200A42108 /* RoundedGrayTextFieldStyle.swift */; };
		AAD4B7BD27870BCE00D73EBE /* Focusable.swift in Sources */ = {isa = PBXBuildFile; fileRef = AAD4B7BC27870BCE00D73EBE /* Focusable.swift */; };
		AAD949E42796B8CC004A51AC /* StringExtension.swift in Sources */ = {isa = PBXBuildFile; fileRef = AAD949E32796B8CC004A51AC /* StringExtension.swift */; };
		AAD949E6279866E5004A51AC /* CheckListProgressView.swift in Sources */ = {isa = PBXBuildFile; fileRef = AAD949E5279866E5004A51AC /* CheckListProgressView.swift */; };
		AAE293512781C5780010F093 /* EditLabelView.swift in Sources */ = {isa = PBXBuildFile; fileRef = AAE293502781C5780010F093 /* EditLabelView.swift */; };
		AAE5B28727852F98000B8B09 /* EditItemCellView.swift in Sources */ = {isa = PBXBuildFile; fileRef = AAE5B28627852F98000B8B09 /* EditItemCellView.swift */; };
		AAF3A812279D55520084B7A9 /* SystemImageList.plist in Resources */ = {isa = PBXBuildFile; fileRef = AAF3A811279D55520084B7A9 /* SystemImageList.plist */; };
		AAF3A814279D86B60084B7A9 /* Strings.strings in Resources */ = {isa = PBXBuildFile; fileRef = AAF3A813279D86B60084B7A9 /* Strings.strings */; };
		AAF3A817279D88700084B7A9 /* ImageManager.swift in Sources */ = {isa = PBXBuildFile; fileRef = AAF3A816279D88700084B7A9 /* ImageManager.swift */; };
		AAF3A81927A2A4A20084B7A9 /* ImagePickerView.swift in Sources */ = {isa = PBXBuildFile; fileRef = AAF3A81827A2A4A20084B7A9 /* ImagePickerView.swift */; };
		AAFF272627BDEA4D000585EE /* ImageViewer in Frameworks */ = {isa = PBXBuildFile; productRef = AAFF272527BDEA4D000585EE /* ImageViewer */; };
		AAFF272927BDF27E000585EE /* AppDelegate.swift in Sources */ = {isa = PBXBuildFile; fileRef = AAFF272827BDF27E000585EE /* AppDelegate.swift */; };
		AAFF272B27BE8293000585EE /* NomalCategoryCheckListView.swift in Sources */ = {isa = PBXBuildFile; fileRef = AAFF272A27BE8293000585EE /* NomalCategoryCheckListView.swift */; };
		AAFF272D27BE85A6000585EE /* PhotoCategoryCheckListView.swift in Sources */ = {isa = PBXBuildFile; fileRef = AAFF272C27BE85A6000585EE /* PhotoCategoryCheckListView.swift */; };
		AAFF272F27BE89DB000585EE /* PhotoCheckItemCell.swift in Sources */ = {isa = PBXBuildFile; fileRef = AAFF272E27BE89DB000585EE /* PhotoCheckItemCell.swift */; };
		AAFF273127BE96B3000585EE /* PhotoCheckMarkView.swift in Sources */ = {isa = PBXBuildFile; fileRef = AAFF273027BE96B3000585EE /* PhotoCheckMarkView.swift */; };
		AAFF273327BE9DB6000585EE /* CategoryHeaderView.swift in Sources */ = {isa = PBXBuildFile; fileRef = AAFF273227BE9DB6000585EE /* CategoryHeaderView.swift */; };
/* End PBXBuildFile section */

/* Begin PBXFileReference section */
		395E573228CF870EA90A642E /* Pods_MonoList.framework */ = {isa = PBXFileReference; explicitFileType = wrapper.framework; includeInIndex = 0; path = Pods_MonoList.framework; sourceTree = BUILT_PRODUCTS_DIR; };
		A5E9CEE8228BBDA72956D0F6 /* Pods-MonoList.release.xcconfig */ = {isa = PBXFileReference; includeInIndex = 1; lastKnownFileType = text.xcconfig; name = "Pods-MonoList.release.xcconfig"; path = "Target Support Files/Pods-MonoList/Pods-MonoList.release.xcconfig"; sourceTree = "<group>"; };
		AA0C50EE27C6FE6200FBC56B /* NomalCheckListView.swift */ = {isa = PBXFileReference; lastKnownFileType = sourcecode.swift; path = NomalCheckListView.swift; sourceTree = "<group>"; };
		AA0C50F027C6FEDA00FBC56B /* PhotoCheckListView.swift */ = {isa = PBXFileReference; lastKnownFileType = sourcecode.swift; path = PhotoCheckListView.swift; sourceTree = "<group>"; };
		AA0C50F227C7017400FBC56B /* InoperableView.swift */ = {isa = PBXFileReference; lastKnownFileType = sourcecode.swift; path = InoperableView.swift; sourceTree = "<group>"; };
		AA0C50F427C707D400FBC56B /* EdgeInsetsExtension.swift */ = {isa = PBXFileReference; lastKnownFileType = sourcecode.swift; path = EdgeInsetsExtension.swift; sourceTree = "<group>"; };
		AA0C50F627C70FE800FBC56B /* PlusPlanView.swift */ = {isa = PBXFileReference; lastKnownFileType = sourcecode.swift; path = PlusPlanView.swift; sourceTree = "<group>"; };
		AA0C50FB27C8810400FBC56B /* MonoListSampleData.plist */ = {isa = PBXFileReference; lastKnownFileType = file.bplist; path = MonoListSampleData.plist; sourceTree = "<group>"; };
		AA0C50FD27C8816800FBC56B /* MonoListCatalogData.plist */ = {isa = PBXFileReference; lastKnownFileType = file.bplist; path = MonoListCatalogData.plist; sourceTree = "<group>"; };
		AA0C50FF27C8821300FBC56B /* DataManagementView.swift */ = {isa = PBXFileReference; lastKnownFileType = sourcecode.swift; path = DataManagementView.swift; sourceTree = "<group>"; };
		AA2E0C262789C92400D23B6B /* ItemListCellView.swift */ = {isa = PBXFileReference; lastKnownFileType = sourcecode.swift; path = ItemListCellView.swift; sourceTree = "<group>"; };
		AA340B8D27BC880B0080DD33 /* MLImagePicker.swift */ = {isa = PBXFileReference; lastKnownFileType = sourcecode.swift; path = MLImagePicker.swift; sourceTree = "<group>"; };
		AA340B8F27BC98760080DD33 /* PhotoButtonView.swift */ = {isa = PBXFileReference; lastKnownFileType = sourcecode.swift; path = PhotoButtonView.swift; sourceTree = "<group>"; };
		AA340B9127BCA56D0080DD33 /* SampleImage.png */ = {isa = PBXFileReference; lastKnownFileType = image.png; path = SampleImage.png; sourceTree = "<group>"; };
		AA340B9727BCCE9A0080DD33 /* UIImageExtension.swift */ = {isa = PBXFileReference; lastKnownFileType = sourcecode.swift; path = UIImageExtension.swift; sourceTree = "<group>"; };
		AA340B9B27BD51EE0080DD33 /* ImageLabelView.swift */ = {isa = PBXFileReference; lastKnownFileType = sourcecode.swift; path = ImageLabelView.swift; sourceTree = "<group>"; };
		AA351A742776BB5300F53BDC /* MONOLIST.app */ = {isa = PBXFileReference; explicitFileType = wrapper.application; includeInIndex = 0; path = MONOLIST.app; sourceTree = BUILT_PRODUCTS_DIR; };
		AA351A772776BB5300F53BDC /* MonoListApp.swift */ = {isa = PBXFileReference; lastKnownFileType = sourcecode.swift; path = MonoListApp.swift; sourceTree = "<group>"; };
		AA351A792776BB5300F53BDC /* HomeView.swift */ = {isa = PBXFileReference; lastKnownFileType = sourcecode.swift; path = HomeView.swift; sourceTree = "<group>"; };
		AA351A7B2776BB5500F53BDC /* Assets.xcassets */ = {isa = PBXFileReference; lastKnownFileType = folder.assetcatalog; path = Assets.xcassets; sourceTree = "<group>"; };
		AA351A7E2776BB5500F53BDC /* Preview Assets.xcassets */ = {isa = PBXFileReference; lastKnownFileType = folder.assetcatalog; path = "Preview Assets.xcassets"; sourceTree = "<group>"; };
		AA351A802776BB5500F53BDC /* Persistence.swift */ = {isa = PBXFileReference; lastKnownFileType = sourcecode.swift; path = Persistence.swift; sourceTree = "<group>"; };
		AA351A832776BB5500F53BDC /* MonoList.xcdatamodel */ = {isa = PBXFileReference; lastKnownFileType = wrapper.xcdatamodel; path = MonoList.xcdatamodel; sourceTree = "<group>"; };
		AA3675B827B0AE1F00611D8A /* FolderData.swift */ = {isa = PBXFileReference; lastKnownFileType = sourcecode.swift; path = FolderData.swift; sourceTree = "<group>"; };
		AA3675BA27B0AEB600611D8A /* ItemListData.swift */ = {isa = PBXFileReference; lastKnownFileType = sourcecode.swift; path = ItemListData.swift; sourceTree = "<group>"; };
		AA3675BC27B0AEC400611D8A /* ItemData.swift */ = {isa = PBXFileReference; lastKnownFileType = sourcecode.swift; path = ItemData.swift; sourceTree = "<group>"; };
		AA3675BE27B0AED000611D8A /* NotificationData.swift */ = {isa = PBXFileReference; lastKnownFileType = sourcecode.swift; path = NotificationData.swift; sourceTree = "<group>"; };
		AA3675C027B0AF5200611D8A /* CategoryData.swift */ = {isa = PBXFileReference; lastKnownFileType = sourcecode.swift; path = CategoryData.swift; sourceTree = "<group>"; };
		AA3675C227B0AF6800611D8A /* MonoListData.swift */ = {isa = PBXFileReference; lastKnownFileType = sourcecode.swift; path = MonoListData.swift; sourceTree = "<group>"; };
		AA3675CA27B0D59500611D8A /* SettingsView.swift */ = {isa = PBXFileReference; lastKnownFileType = sourcecode.swift; path = SettingsView.swift; sourceTree = "<group>"; };
		AA3675D027B2495C00611D8A /* WeightView.swift */ = {isa = PBXFileReference; lastKnownFileType = sourcecode.swift; path = WeightView.swift; sourceTree = "<group>"; };
		AA3675D227B2548400611D8A /* Feedbacks.swift */ = {isa = PBXFileReference; lastKnownFileType = sourcecode.swift; path = Feedbacks.swift; sourceTree = "<group>"; };
		AA3675D427B32C4C00611D8A /* CategoriesView.swift */ = {isa = PBXFileReference; lastKnownFileType = sourcecode.swift; path = CategoriesView.swift; sourceTree = "<group>"; };
		AA3675D727B33A7500611D8A /* EditCategoryView.swift */ = {isa = PBXFileReference; lastKnownFileType = sourcecode.swift; path = EditCategoryView.swift; sourceTree = "<group>"; };
		AA3675D927B4862200611D8A /* DarkHighlightButtonStyle.swift */ = {isa = PBXFileReference; lastKnownFileType = sourcecode.swift; path = DarkHighlightButtonStyle.swift; sourceTree = "<group>"; };
		AA3675DB27B49FF600611D8A /* CategoryLabelView.swift */ = {isa = PBXFileReference; lastKnownFileType = sourcecode.swift; path = CategoryLabelView.swift; sourceTree = "<group>"; };
		AA3675E027B5E73800611D8A /* RichAlert.swift */ = {isa = PBXFileReference; lastKnownFileType = sourcecode.swift; path = RichAlert.swift; sourceTree = "<group>"; };
		AA3675E227B5F5BF00611D8A /* RichAlertButtonStyle.swift */ = {isa = PBXFileReference; lastKnownFileType = sourcecode.swift; path = RichAlertButtonStyle.swift; sourceTree = "<group>"; };
		AA3675E427B733F800611D8A /* FitCapsuleButtonStyle.swift */ = {isa = PBXFileReference; lastKnownFileType = sourcecode.swift; path = FitCapsuleButtonStyle.swift; sourceTree = "<group>"; };
		AA3675E627B73A4400611D8A /* MiniXButtonView.swift */ = {isa = PBXFileReference; lastKnownFileType = sourcecode.swift; path = MiniXButtonView.swift; sourceTree = "<group>"; };
		AA3675E827B745B800611D8A /* EditItemListButtonView.swift */ = {isa = PBXFileReference; lastKnownFileType = sourcecode.swift; path = EditItemListButtonView.swift; sourceTree = "<group>"; };
		AA469410279A71730083142D /* DoubleExtension.swift */ = {isa = PBXFileReference; lastKnownFileType = sourcecode.swift; path = DoubleExtension.swift; sourceTree = "<group>"; };
		AA469413279A735B0083142D /* NumberView.swift */ = {isa = PBXFileReference; lastKnownFileType = sourcecode.swift; path = NumberView.swift; sourceTree = "<group>"; };
		AA5FAB9327C5D6B400A85AC6 /* NoListsView.swift */ = {isa = PBXFileReference; lastKnownFileType = sourcecode.swift; path = NoListsView.swift; sourceTree = "<group>"; };
		AA5FAB9727C5DCD100A85AC6 /* NoWeightView.swift */ = {isa = PBXFileReference; lastKnownFileType = sourcecode.swift; path = NoWeightView.swift; sourceTree = "<group>"; };
		AA6F605327C0F1B400DCB446 /* PieChartView.swift */ = {isa = PBXFileReference; lastKnownFileType = sourcecode.swift; path = PieChartView.swift; sourceTree = "<group>"; };
		AA6F605527C0F1C500DCB446 /* PieSliceView.swift */ = {isa = PBXFileReference; lastKnownFileType = sourcecode.swift; path = PieSliceView.swift; sourceTree = "<group>"; };
		AA6F605927C1309F00DCB446 /* LICENSE */ = {isa = PBXFileReference; fileEncoding = 4; lastKnownFileType = text; path = LICENSE; sourceTree = "<group>"; };
		AA6F605B27C13F6600DCB446 /* UIColorExtension.swift */ = {isa = PBXFileReference; lastKnownFileType = sourcecode.swift; path = UIColorExtension.swift; sourceTree = "<group>"; };
		AA7E1E8B278ED9840080D80F /* EditRepeatNotificationView.swift */ = {isa = PBXFileReference; lastKnownFileType = sourcecode.swift; path = EditRepeatNotificationView.swift; sourceTree = "<group>"; };
		AA82C024277AC0D3001CEFFA /* Constants.swift */ = {isa = PBXFileReference; lastKnownFileType = sourcecode.swift; path = Constants.swift; sourceTree = "<group>"; };
		AA82C043277B319E001CEFFA /* Notification+CoreDataClass.swift */ = {isa = PBXFileReference; lastKnownFileType = sourcecode.swift; path = "Notification+CoreDataClass.swift"; sourceTree = "<group>"; };
		AA82C044277B319E001CEFFA /* Notification+CoreDataProperties.swift */ = {isa = PBXFileReference; lastKnownFileType = sourcecode.swift; path = "Notification+CoreDataProperties.swift"; sourceTree = "<group>"; };
		AA82C045277B319E001CEFFA /* ItemList+CoreDataClass.swift */ = {isa = PBXFileReference; lastKnownFileType = sourcecode.swift; path = "ItemList+CoreDataClass.swift"; sourceTree = "<group>"; };
		AA82C046277B319E001CEFFA /* ItemList+CoreDataProperties.swift */ = {isa = PBXFileReference; lastKnownFileType = sourcecode.swift; path = "ItemList+CoreDataProperties.swift"; sourceTree = "<group>"; };
		AA82C047277B319E001CEFFA /* Folder+CoreDataClass.swift */ = {isa = PBXFileReference; lastKnownFileType = sourcecode.swift; path = "Folder+CoreDataClass.swift"; sourceTree = "<group>"; };
		AA82C048277B319E001CEFFA /* Folder+CoreDataProperties.swift */ = {isa = PBXFileReference; lastKnownFileType = sourcecode.swift; path = "Folder+CoreDataProperties.swift"; sourceTree = "<group>"; };
		AA82C051277DECC4001CEFFA /* MonoListManager.swift */ = {isa = PBXFileReference; lastKnownFileType = sourcecode.swift; path = MonoListManager.swift; sourceTree = "<group>"; };
		AA82C053277EA2B8001CEFFA /* EditFolderView.swift */ = {isa = PBXFileReference; lastKnownFileType = sourcecode.swift; path = EditFolderView.swift; sourceTree = "<group>"; };
		AA82C056277EF105001CEFFA /* CircleButtonStyle.swift */ = {isa = PBXFileReference; lastKnownFileType = sourcecode.swift; path = CircleButtonStyle.swift; sourceTree = "<group>"; };
		AA8750B0278C4DAD00540BA0 /* ItemListInfoView.swift */ = {isa = PBXFileReference; lastKnownFileType = sourcecode.swift; path = ItemListInfoView.swift; sourceTree = "<group>"; };
		AA8750B4278C57A700540BA0 /* InfoGroupBoxView.swift */ = {isa = PBXFileReference; lastKnownFileType = sourcecode.swift; path = InfoGroupBoxView.swift; sourceTree = "<group>"; };
		AA8750B6278D3B7D00540BA0 /* ItemsGroupBoxView.swift */ = {isa = PBXFileReference; lastKnownFileType = sourcecode.swift; path = ItemsGroupBoxView.swift; sourceTree = "<group>"; };
		AA8750B8278D3D5D00540BA0 /* EditNotificationsGroupBoxView.swift */ = {isa = PBXFileReference; lastKnownFileType = sourcecode.swift; path = EditNotificationsGroupBoxView.swift; sourceTree = "<group>"; };
		AA8750BC278D3E5E00540BA0 /* OthersGroupBoxView.swift */ = {isa = PBXFileReference; lastKnownFileType = sourcecode.swift; path = OthersGroupBoxView.swift; sourceTree = "<group>"; };
		AA8750BE278D3F0D00540BA0 /* ListTitleView.swift */ = {isa = PBXFileReference; lastKnownFileType = sourcecode.swift; path = ListTitleView.swift; sourceTree = "<group>"; };
		AA8750C0278D518900540BA0 /* ExpandToggleStyle.swift */ = {isa = PBXFileReference; lastKnownFileType = sourcecode.swift; path = ExpandToggleStyle.swift; sourceTree = "<group>"; };
		AA8750C7278DB1FA00540BA0 /* DateExtension.swift */ = {isa = PBXFileReference; lastKnownFileType = sourcecode.swift; path = DateExtension.swift; sourceTree = "<group>"; };
		AA8750C9278DB70000540BA0 /* NotificationListView.swift */ = {isa = PBXFileReference; lastKnownFileType = sourcecode.swift; path = NotificationListView.swift; sourceTree = "<group>"; };
		AA8BD479278DD3D300488027 /* WhiteGroupBoxStyle.swift */ = {isa = PBXFileReference; lastKnownFileType = sourcecode.swift; path = WhiteGroupBoxStyle.swift; sourceTree = "<group>"; };
		AA9977A62782735A002B4C57 /* SortFoldersView.swift */ = {isa = PBXFileReference; lastKnownFileType = sourcecode.swift; path = SortFoldersView.swift; sourceTree = "<group>"; };
		AA9977AA2783F176002B4C57 /* EditItemListView.swift */ = {isa = PBXFileReference; lastKnownFileType = sourcecode.swift; path = EditItemListView.swift; sourceTree = "<group>"; };
		AA9977AC2783F4AA002B4C57 /* ItemListsView.swift */ = {isa = PBXFileReference; lastKnownFileType = sourcecode.swift; path = ItemListsView.swift; sourceTree = "<group>"; };
		AAA8867327A3E59C00FD4D5E /* Icons.plist */ = {isa = PBXFileReference; lastKnownFileType = file.bplist; path = Icons.plist; sourceTree = "<group>"; };
		AAA8867727A3E76D00FD4D5E /* ListIcon.swift */ = {isa = PBXFileReference; fileEncoding = 4; lastKnownFileType = sourcecode.swift; path = ListIcon.swift; sourceTree = "<group>"; };
		AAA8867827A3E76E00FD4D5E /* ListIconManager.swift */ = {isa = PBXFileReference; fileEncoding = 4; lastKnownFileType = sourcecode.swift; path = ListIconManager.swift; sourceTree = "<group>"; };
		AAA8867927A3E76E00FD4D5E /* ListIconSection.swift */ = {isa = PBXFileReference; fileEncoding = 4; lastKnownFileType = sourcecode.swift; path = ListIconSection.swift; sourceTree = "<group>"; };
		AAA8867D27A3E9A600FD4D5E /* EditIconView.swift */ = {isa = PBXFileReference; lastKnownFileType = sourcecode.swift; path = EditIconView.swift; sourceTree = "<group>"; };
		AAA8868027A3EA4000FD4D5E /* IconSectionHeaderView.swift */ = {isa = PBXFileReference; lastKnownFileType = sourcecode.swift; path = IconSectionHeaderView.swift; sourceTree = "<group>"; };
		AAA8868227A3EBD000FD4D5E /* IconImageView.swift */ = {isa = PBXFileReference; fileEncoding = 4; lastKnownFileType = sourcecode.swift; path = IconImageView.swift; sourceTree = "<group>"; };
		AAB52BE127C32A970050A912 /* EditSpecificDateAndTimeNotificationView.swift */ = {isa = PBXFileReference; lastKnownFileType = sourcecode.swift; path = EditSpecificDateAndTimeNotificationView.swift; sourceTree = "<group>"; };
		AAB52BE427C34AC40050A912 /* Deeplinker.swift */ = {isa = PBXFileReference; lastKnownFileType = sourcecode.swift; path = Deeplinker.swift; sourceTree = "<group>"; };
		AAB52BE927C351EC0050A912 /* Environment.swift */ = {isa = PBXFileReference; lastKnownFileType = sourcecode.swift; path = Environment.swift; sourceTree = "<group>"; };
		AAB52BEB27C383080050A912 /* NotificationManager.swift */ = {isa = PBXFileReference; lastKnownFileType = sourcecode.swift; path = NotificationManager.swift; sourceTree = "<group>"; };
		AAB52BEF27C45DFE0050A912 /* NotificationsGroupBoxView.swift */ = {isa = PBXFileReference; lastKnownFileType = sourcecode.swift; path = NotificationsGroupBoxView.swift; sourceTree = "<group>"; };
		AAB9BD52278136D70055CD85 /* FolderSectionView.swift */ = {isa = PBXFileReference; lastKnownFileType = sourcecode.swift; path = FolderSectionView.swift; sourceTree = "<group>"; };
		AAC3DDBD278F080600983100 /* CapsuleButtonStyle.swift */ = {isa = PBXFileReference; lastKnownFileType = sourcecode.swift; path = CapsuleButtonStyle.swift; sourceTree = "<group>"; };
		AAC3DDC0278FDBC600983100 /* AlarmView.swift */ = {isa = PBXFileReference; lastKnownFileType = sourcecode.swift; path = AlarmView.swift; sourceTree = "<group>"; };
		AAC3DDC7278FE97200983100 /* SelectDestinationView.swift */ = {isa = PBXFileReference; lastKnownFileType = sourcecode.swift; path = SelectDestinationView.swift; sourceTree = "<group>"; };
		AAC3DDCB27906B5700983100 /* EditItemDetail.swift */ = {isa = PBXFileReference; lastKnownFileType = sourcecode.swift; path = EditItemDetail.swift; sourceTree = "<group>"; };
		AAC3DDCD27911E4D00983100 /* SelectCategoryView.swift */ = {isa = PBXFileReference; lastKnownFileType = sourcecode.swift; path = SelectCategoryView.swift; sourceTree = "<group>"; };
		AAC3DDD12791A0F100983100 /* WeightLabelView.swift */ = {isa = PBXFileReference; lastKnownFileType = sourcecode.swift; path = WeightLabelView.swift; sourceTree = "<group>"; };
		AAC3DDD32791A19F00983100 /* QuantityLabelView.swift */ = {isa = PBXFileReference; lastKnownFileType = sourcecode.swift; path = QuantityLabelView.swift; sourceTree = "<group>"; };
		AAC3DDD62791AA4800983100 /* CheckListView.swift */ = {isa = PBXFileReference; lastKnownFileType = sourcecode.swift; path = CheckListView.swift; sourceTree = "<group>"; };
		AAC3DDDA2791D68A00983100 /* ItemListView.swift */ = {isa = PBXFileReference; lastKnownFileType = sourcecode.swift; path = ItemListView.swift; sourceTree = "<group>"; };
		AAC3DDDD2793056500983100 /* UINavigationControllerExtension.swift */ = {isa = PBXFileReference; lastKnownFileType = sourcecode.swift; path = UINavigationControllerExtension.swift; sourceTree = "<group>"; };
		AAC3DDE127940EAC00983100 /* CheckmarkToggleStyle.swift */ = {isa = PBXFileReference; lastKnownFileType = sourcecode.swift; path = CheckmarkToggleStyle.swift; sourceTree = "<group>"; };
		AAC3DDE32794408A00983100 /* CheckItemCell.swift */ = {isa = PBXFileReference; lastKnownFileType = sourcecode.swift; path = CheckItemCell.swift; sourceTree = "<group>"; };
		AAC3DDE527958FD800983100 /* LargeCircleButtonStyle.swift */ = {isa = PBXFileReference; lastKnownFileType = sourcecode.swift; path = LargeCircleButtonStyle.swift; sourceTree = "<group>"; };
		AACBBC6E279AF8CD00A42108 /* Category+CoreDataClass.swift */ = {isa = PBXFileReference; lastKnownFileType = sourcecode.swift; path = "Category+CoreDataClass.swift"; sourceTree = "<group>"; };
		AACBBC6F279AF8CD00A42108 /* Category+CoreDataProperties.swift */ = {isa = PBXFileReference; lastKnownFileType = sourcecode.swift; path = "Category+CoreDataProperties.swift"; sourceTree = "<group>"; };
		AACBBC70279AF8CD00A42108 /* Item+CoreDataClass.swift */ = {isa = PBXFileReference; lastKnownFileType = sourcecode.swift; path = "Item+CoreDataClass.swift"; sourceTree = "<group>"; };
		AACBBC71279AF8CD00A42108 /* Item+CoreDataProperties.swift */ = {isa = PBXFileReference; lastKnownFileType = sourcecode.swift; path = "Item+CoreDataProperties.swift"; sourceTree = "<group>"; };
		AACBBC76279AFF2F00A42108 /* NoItemsView.swift */ = {isa = PBXFileReference; lastKnownFileType = sourcecode.swift; path = NoItemsView.swift; sourceTree = "<group>"; };
		AACBBC78279C1F0D00A42108 /* CategoryManager.swift */ = {isa = PBXFileReference; lastKnownFileType = sourcecode.swift; path = CategoryManager.swift; sourceTree = "<group>"; };
		AACBBC7A279C230E00A42108 /* XButtonView.swift */ = {isa = PBXFileReference; lastKnownFileType = sourcecode.swift; path = XButtonView.swift; sourceTree = "<group>"; };
		AACBBC7C279C2F2200A42108 /* RoundedGrayTextFieldStyle.swift */ = {isa = PBXFileReference; lastKnownFileType = sourcecode.swift; path = RoundedGrayTextFieldStyle.swift; sourceTree = "<group>"; };
		AAD4B7BC27870BCE00D73EBE /* Focusable.swift */ = {isa = PBXFileReference; lastKnownFileType = sourcecode.swift; path = Focusable.swift; sourceTree = "<group>"; };
		AAD949E32796B8CC004A51AC /* StringExtension.swift */ = {isa = PBXFileReference; lastKnownFileType = sourcecode.swift; path = StringExtension.swift; sourceTree = "<group>"; };
		AAD949E5279866E5004A51AC /* CheckListProgressView.swift */ = {isa = PBXFileReference; lastKnownFileType = sourcecode.swift; path = CheckListProgressView.swift; sourceTree = "<group>"; };
		AAE293502781C5780010F093 /* EditLabelView.swift */ = {isa = PBXFileReference; lastKnownFileType = sourcecode.swift; path = EditLabelView.swift; sourceTree = "<group>"; };
		AAE5B28627852F98000B8B09 /* EditItemCellView.swift */ = {isa = PBXFileReference; lastKnownFileType = sourcecode.swift; path = EditItemCellView.swift; sourceTree = "<group>"; };
		AAF3A811279D55520084B7A9 /* SystemImageList.plist */ = {isa = PBXFileReference; lastKnownFileType = text.plist.xml; path = SystemImageList.plist; sourceTree = "<group>"; };
		AAF3A813279D86B60084B7A9 /* Strings.strings */ = {isa = PBXFileReference; lastKnownFileType = text.plist.strings; path = Strings.strings; sourceTree = "<group>"; };
		AAF3A816279D88700084B7A9 /* ImageManager.swift */ = {isa = PBXFileReference; lastKnownFileType = sourcecode.swift; path = ImageManager.swift; sourceTree = "<group>"; };
		AAF3A81827A2A4A20084B7A9 /* ImagePickerView.swift */ = {isa = PBXFileReference; lastKnownFileType = sourcecode.swift; path = ImagePickerView.swift; sourceTree = "<group>"; };
		AAFF272727BDED80000585EE /* Info.plist */ = {isa = PBXFileReference; lastKnownFileType = text.plist.xml; path = Info.plist; sourceTree = "<group>"; };
		AAFF272827BDF27E000585EE /* AppDelegate.swift */ = {isa = PBXFileReference; lastKnownFileType = sourcecode.swift; path = AppDelegate.swift; sourceTree = "<group>"; };
		AAFF272A27BE8293000585EE /* NomalCategoryCheckListView.swift */ = {isa = PBXFileReference; lastKnownFileType = sourcecode.swift; path = NomalCategoryCheckListView.swift; sourceTree = "<group>"; };
		AAFF272C27BE85A6000585EE /* PhotoCategoryCheckListView.swift */ = {isa = PBXFileReference; lastKnownFileType = sourcecode.swift; path = PhotoCategoryCheckListView.swift; sourceTree = "<group>"; };
		AAFF272E27BE89DB000585EE /* PhotoCheckItemCell.swift */ = {isa = PBXFileReference; lastKnownFileType = sourcecode.swift; path = PhotoCheckItemCell.swift; sourceTree = "<group>"; };
		AAFF273027BE96B3000585EE /* PhotoCheckMarkView.swift */ = {isa = PBXFileReference; lastKnownFileType = sourcecode.swift; path = PhotoCheckMarkView.swift; sourceTree = "<group>"; };
		AAFF273227BE9DB6000585EE /* CategoryHeaderView.swift */ = {isa = PBXFileReference; lastKnownFileType = sourcecode.swift; path = CategoryHeaderView.swift; sourceTree = "<group>"; };
		F0EE50D098480142DD53E46D /* Pods-MonoList.debug.xcconfig */ = {isa = PBXFileReference; includeInIndex = 1; lastKnownFileType = text.xcconfig; name = "Pods-MonoList.debug.xcconfig"; path = "Target Support Files/Pods-MonoList/Pods-MonoList.debug.xcconfig"; sourceTree = "<group>"; };
/* End PBXFileReference section */

/* Begin PBXFrameworksBuildPhase section */
		AA351A712776BB5300F53BDC /* Frameworks */ = {
			isa = PBXFrameworksBuildPhase;
			buildActionMask = 2147483647;
			files = (
				AAFF272627BDEA4D000585EE /* ImageViewer in Frameworks */,
				4086694DC62426D57D5D4CE3 /* Pods_MonoList.framework in Frameworks */,
			);
			runOnlyForDeploymentPostprocessing = 0;
		};
/* End PBXFrameworksBuildPhase section */

/* Begin PBXGroup section */
		10FF772F059DBF2E01BE3305 /* Pods */ = {
			isa = PBXGroup;
			children = (
				F0EE50D098480142DD53E46D /* Pods-MonoList.debug.xcconfig */,
				A5E9CEE8228BBDA72956D0F6 /* Pods-MonoList.release.xcconfig */,
			);
			path = Pods;
			sourceTree = "<group>";
		};
		AA0C50F827C7100400FBC56B /* PlusPlan */ = {
			isa = PBXGroup;
			children = (
				AA0C50F627C70FE800FBC56B /* PlusPlanView.swift */,
			);
			path = PlusPlan;
			sourceTree = "<group>";
		};
		AA340B8C27BC879E0080DD33 /* Photo */ = {
			isa = PBXGroup;
			children = (
				AA340B8D27BC880B0080DD33 /* MLImagePicker.swift */,
			);
			path = Photo;
			sourceTree = "<group>";
		};
		AA351A6B2776BB5300F53BDC = {
			isa = PBXGroup;
			children = (
				AA351A762776BB5300F53BDC /* MonoList */,
				AA351A752776BB5300F53BDC /* Products */,
				10FF772F059DBF2E01BE3305 /* Pods */,
				CD14DAF8542E1CB5A39B2337 /* Frameworks */,
			);
			sourceTree = "<group>";
		};
		AA351A752776BB5300F53BDC /* Products */ = {
			isa = PBXGroup;
			children = (
				AA351A742776BB5300F53BDC /* MONOLIST.app */,
			);
			name = Products;
			sourceTree = "<group>";
		};
		AA351A762776BB5300F53BDC /* MonoList */ = {
			isa = PBXGroup;
			children = (
				AAB52BE827C351C50050A912 /* Environment */,
				AAB52BE327C34AA30050A912 /* DeepLink */,
				AAFF272727BDED80000585EE /* Info.plist */,
				AA469412279A73370083142D /* Modifiers */,
				AA8750C6278DB1C100540BA0 /* Extensions */,
				AAD4B7BB27870BB900D73EBE /* Enums */,
				AA82C03A277B0DF9001CEFFA /* Models */,
				AA82C023277AC0B3001CEFFA /* Utilities */,
				AA82C055277EEF53001CEFFA /* Styles */,
				AA351A772776BB5300F53BDC /* MonoListApp.swift */,
				AAFF272827BDF27E000585EE /* AppDelegate.swift */,
				AA82C058277EF500001CEFFA /* Views */,
				AAE5B283278484FA000B8B09 /* SubViews */,
				AAF3A815279D87EF0084B7A9 /* Data */,
				AA351A7B2776BB5500F53BDC /* Assets.xcassets */,
				AA340B9127BCA56D0080DD33 /* SampleImage.png */,
				AA351A802776BB5500F53BDC /* Persistence.swift */,
				AA351A822776BB5500F53BDC /* MonoList.xcdatamodeld */,
				AA351A7D2776BB5500F53BDC /* Preview Content */,
			);
			path = MonoList;
			sourceTree = "<group>";
		};
		AA351A7D2776BB5500F53BDC /* Preview Content */ = {
			isa = PBXGroup;
			children = (
				AA351A7E2776BB5500F53BDC /* Preview Assets.xcassets */,
			);
			path = "Preview Content";
			sourceTree = "<group>";
		};
		AA3675C427B0D48500611D8A /* BackupDataModels */ = {
			isa = PBXGroup;
			children = (
				AA3675C227B0AF6800611D8A /* MonoListData.swift */,
				AA3675B827B0AE1F00611D8A /* FolderData.swift */,
				AA3675BA27B0AEB600611D8A /* ItemListData.swift */,
				AA3675BC27B0AEC400611D8A /* ItemData.swift */,
				AA3675BE27B0AED000611D8A /* NotificationData.swift */,
				AA3675C027B0AF5200611D8A /* CategoryData.swift */,
			);
			path = BackupDataModels;
			sourceTree = "<group>";
		};
		AA3675C527B0D4B500611D8A /* ListIconDataModels */ = {
			isa = PBXGroup;
			children = (
				AAA8867827A3E76E00FD4D5E /* ListIconManager.swift */,
				AAA8867927A3E76E00FD4D5E /* ListIconSection.swift */,
				AAA8867727A3E76D00FD4D5E /* ListIcon.swift */,
			);
			path = ListIconDataModels;
			sourceTree = "<group>";
		};
		AA3675C727B0D4E800611D8A /* FolderImage */ = {
			isa = PBXGroup;
			children = (
				AAF3A816279D88700084B7A9 /* ImageManager.swift */,
			);
			path = FolderImage;
			sourceTree = "<group>";
		};
		AA3675C927B0D57100611D8A /* Settings */ = {
			isa = PBXGroup;
			children = (
				AA3675CA27B0D59500611D8A /* SettingsView.swift */,
				AA0C50FF27C8821300FBC56B /* DataManagementView.swift */,
				AA3675D627B33A4500611D8A /* EditCategories */,
			);
			path = Settings;
			sourceTree = "<group>";
		};
		AA3675CE27B248E800611D8A /* Weight */ = {
			isa = PBXGroup;
			children = (
				AA3675D027B2495C00611D8A /* WeightView.swift */,
			);
			path = Weight;
			sourceTree = "<group>";
		};
		AA3675D627B33A4500611D8A /* EditCategories */ = {
			isa = PBXGroup;
			children = (
				AA3675D427B32C4C00611D8A /* CategoriesView.swift */,
				AA3675D727B33A7500611D8A /* EditCategoryView.swift */,
			);
			path = EditCategories;
			sourceTree = "<group>";
		};
		AA469412279A73370083142D /* Modifiers */ = {
			isa = PBXGroup;
			children = (
				AA469413279A735B0083142D /* NumberView.swift */,
				AA3675E027B5E73800611D8A /* RichAlert.swift */,
				AA0C50F227C7017400FBC56B /* InoperableView.swift */,
				AA0C50F427C707D400FBC56B /* EdgeInsetsExtension.swift */,
			);
			path = Modifiers;
			sourceTree = "<group>";
		};
		AA6F605227C0F19D00DCB446 /* SwiftPieChart */ = {
			isa = PBXGroup;
			children = (
				AA6F605327C0F1B400DCB446 /* PieChartView.swift */,
				AA6F605527C0F1C500DCB446 /* PieSliceView.swift */,
				AA6F605927C1309F00DCB446 /* LICENSE */,
			);
			path = SwiftPieChart;
			sourceTree = "<group>";
		};
		AA82C023277AC0B3001CEFFA /* Utilities */ = {
			isa = PBXGroup;
			children = (
				AA82C024277AC0D3001CEFFA /* Constants.swift */,
				AA3675D227B2548400611D8A /* Feedbacks.swift */,
			);
			path = Utilities;
			sourceTree = "<group>";
		};
		AA82C03A277B0DF9001CEFFA /* Models */ = {
			isa = PBXGroup;
			children = (
				AACBBC6E279AF8CD00A42108 /* Category+CoreDataClass.swift */,
				AACBBC6F279AF8CD00A42108 /* Category+CoreDataProperties.swift */,
				AACBBC70279AF8CD00A42108 /* Item+CoreDataClass.swift */,
				AACBBC71279AF8CD00A42108 /* Item+CoreDataProperties.swift */,
				AA82C043277B319E001CEFFA /* Notification+CoreDataClass.swift */,
				AA82C044277B319E001CEFFA /* Notification+CoreDataProperties.swift */,
				AA82C045277B319E001CEFFA /* ItemList+CoreDataClass.swift */,
				AA82C046277B319E001CEFFA /* ItemList+CoreDataProperties.swift */,
				AA82C047277B319E001CEFFA /* Folder+CoreDataClass.swift */,
				AA82C048277B319E001CEFFA /* Folder+CoreDataProperties.swift */,
				AA82C051277DECC4001CEFFA /* MonoListManager.swift */,
				AACBBC78279C1F0D00A42108 /* CategoryManager.swift */,
				AAB52BEB27C383080050A912 /* NotificationManager.swift */,
				AA3675C727B0D4E800611D8A /* FolderImage */,
				AA3675C527B0D4B500611D8A /* ListIconDataModels */,
				AA3675C427B0D48500611D8A /* BackupDataModels */,
			);
			path = Models;
			sourceTree = "<group>";
		};
		AA82C055277EEF53001CEFFA /* Styles */ = {
			isa = PBXGroup;
			children = (
				AA82C056277EF105001CEFFA /* CircleButtonStyle.swift */,
				AAC3DDE527958FD800983100 /* LargeCircleButtonStyle.swift */,
				AAC3DDBD278F080600983100 /* CapsuleButtonStyle.swift */,
				AA3675E427B733F800611D8A /* FitCapsuleButtonStyle.swift */,
				AA3675D927B4862200611D8A /* DarkHighlightButtonStyle.swift */,
				AA3675E227B5F5BF00611D8A /* RichAlertButtonStyle.swift */,
				AA8750C0278D518900540BA0 /* ExpandToggleStyle.swift */,
				AAC3DDE127940EAC00983100 /* CheckmarkToggleStyle.swift */,
				AA8BD479278DD3D300488027 /* WhiteGroupBoxStyle.swift */,
				AACBBC7C279C2F2200A42108 /* RoundedGrayTextFieldStyle.swift */,
			);
			path = Styles;
			sourceTree = "<group>";
		};
		AA82C058277EF500001CEFFA /* Views */ = {
			isa = PBXGroup;
			children = (
				AAE5B282278484E6000B8B09 /* Home */,
				AAC3DDD52791AA2500983100 /* CheckAndEditItemListView */,
				AAC3DDC6278FE94C00983100 /* SelectDestination */,
				AAE5B28427848535000B8B09 /* EditFolders */,
				AA3675C927B0D57100611D8A /* Settings */,
				AA8750B3278C4DB800540BA0 /* ItemListInfo */,
				AA340B8C27BC879E0080DD33 /* Photo */,
				AA6F605227C0F19D00DCB446 /* SwiftPieChart */,
				AA0C50F827C7100400FBC56B /* PlusPlan */,
			);
			path = Views;
			sourceTree = "<group>";
		};
		AA8750B3278C4DB800540BA0 /* ItemListInfo */ = {
			isa = PBXGroup;
			children = (
				AA8750B0278C4DAD00540BA0 /* ItemListInfoView.swift */,
				AA8750B4278C57A700540BA0 /* InfoGroupBoxView.swift */,
				AA8750BE278D3F0D00540BA0 /* ListTitleView.swift */,
				AA8750B6278D3B7D00540BA0 /* ItemsGroupBoxView.swift */,
				AA8750BC278D3E5E00540BA0 /* OthersGroupBoxView.swift */,
			);
			path = ItemListInfo;
			sourceTree = "<group>";
		};
		AA8750C6278DB1C100540BA0 /* Extensions */ = {
			isa = PBXGroup;
			children = (
				AA8750C7278DB1FA00540BA0 /* DateExtension.swift */,
				AA469410279A71730083142D /* DoubleExtension.swift */,
				AAC3DDDD2793056500983100 /* UINavigationControllerExtension.swift */,
				AAD949E32796B8CC004A51AC /* StringExtension.swift */,
				AA340B9727BCCE9A0080DD33 /* UIImageExtension.swift */,
				AA6F605B27C13F6600DCB446 /* UIColorExtension.swift */,
			);
			path = Extensions;
			sourceTree = "<group>";
		};
		AAA8867F27A3E9AC00FD4D5E /* EditIcon */ = {
			isa = PBXGroup;
			children = (
				AAA8867D27A3E9A600FD4D5E /* EditIconView.swift */,
				AAA8868027A3EA4000FD4D5E /* IconSectionHeaderView.swift */,
				AAA8868227A3EBD000FD4D5E /* IconImageView.swift */,
			);
			path = EditIcon;
			sourceTree = "<group>";
		};
		AAB52BE327C34AA30050A912 /* DeepLink */ = {
			isa = PBXGroup;
			children = (
				AAB52BE427C34AC40050A912 /* Deeplinker.swift */,
			);
			path = DeepLink;
			sourceTree = "<group>";
		};
		AAB52BE827C351C50050A912 /* Environment */ = {
			isa = PBXGroup;
			children = (
				AAB52BE927C351EC0050A912 /* Environment.swift */,
			);
			path = Environment;
			sourceTree = "<group>";
		};
		AAC3DDBF278F0E8000983100 /* Notification */ = {
			isa = PBXGroup;
			children = (
				AAC3DDC0278FDBC600983100 /* AlarmView.swift */,
				AA8750B8278D3D5D00540BA0 /* EditNotificationsGroupBoxView.swift */,
				AAB52BEF27C45DFE0050A912 /* NotificationsGroupBoxView.swift */,
				AA8750C9278DB70000540BA0 /* NotificationListView.swift */,
				AA7E1E8B278ED9840080D80F /* EditRepeatNotificationView.swift */,
				AAB52BE127C32A970050A912 /* EditSpecificDateAndTimeNotificationView.swift */,
			);
			path = Notification;
			sourceTree = "<group>";
		};
		AAC3DDC6278FE94C00983100 /* SelectDestination */ = {
			isa = PBXGroup;
			children = (
				AAC3DDC7278FE97200983100 /* SelectDestinationView.swift */,
			);
			path = SelectDestination;
			sourceTree = "<group>";
		};
		AAC3DDCA27906B4000983100 /* EditItemDetail */ = {
			isa = PBXGroup;
			children = (
				AAC3DDCB27906B5700983100 /* EditItemDetail.swift */,
				AA340B8F27BC98760080DD33 /* PhotoButtonView.swift */,
				AAC3DDCD27911E4D00983100 /* SelectCategoryView.swift */,
			);
			path = EditItemDetail;
			sourceTree = "<group>";
		};
		AAC3DDD52791AA2500983100 /* CheckAndEditItemListView */ = {
			isa = PBXGroup;
			children = (
				AAC3DDDA2791D68A00983100 /* ItemListView.swift */,
				AA3675E827B745B800611D8A /* EditItemListButtonView.swift */,
				AAA8867F27A3E9AC00FD4D5E /* EditIcon */,
				AAC3DDDC2792ACE400983100 /* CheckList */,
				AAE5B28527848557000B8B09 /* EditItemList */,
			);
			path = CheckAndEditItemListView;
			sourceTree = "<group>";
		};
		AAC3DDDC2792ACE400983100 /* CheckList */ = {
			isa = PBXGroup;
			children = (
				AAC3DDD62791AA4800983100 /* CheckListView.swift */,
				AAD949E5279866E5004A51AC /* CheckListProgressView.swift */,
				AAFF272A27BE8293000585EE /* NomalCategoryCheckListView.swift */,
				AA0C50EE27C6FE6200FBC56B /* NomalCheckListView.swift */,
				AAC3DDE32794408A00983100 /* CheckItemCell.swift */,
				AAFF272C27BE85A6000585EE /* PhotoCategoryCheckListView.swift */,
				AA0C50F027C6FEDA00FBC56B /* PhotoCheckListView.swift */,
				AAFF272E27BE89DB000585EE /* PhotoCheckItemCell.swift */,
				AAFF273027BE96B3000585EE /* PhotoCheckMarkView.swift */,
				AAFF273227BE9DB6000585EE /* CategoryHeaderView.swift */,
			);
			path = CheckList;
			sourceTree = "<group>";
		};
		AAD4B7BB27870BB900D73EBE /* Enums */ = {
			isa = PBXGroup;
			children = (
				AAD4B7BC27870BCE00D73EBE /* Focusable.swift */,
			);
			path = Enums;
			sourceTree = "<group>";
		};
		AAE5B282278484E6000B8B09 /* Home */ = {
			isa = PBXGroup;
			children = (
				AA351A792776BB5300F53BDC /* HomeView.swift */,
				AAB9BD52278136D70055CD85 /* FolderSectionView.swift */,
				AA9977AC2783F4AA002B4C57 /* ItemListsView.swift */,
				AA2E0C262789C92400D23B6B /* ItemListCellView.swift */,
			);
			path = Home;
			sourceTree = "<group>";
		};
		AAE5B283278484FA000B8B09 /* SubViews */ = {
			isa = PBXGroup;
			children = (
				AAE293502781C5780010F093 /* EditLabelView.swift */,
				AACBBC76279AFF2F00A42108 /* NoItemsView.swift */,
				AA5FAB9327C5D6B400A85AC6 /* NoListsView.swift */,
				AA5FAB9727C5DCD100A85AC6 /* NoWeightView.swift */,
				AACBBC7A279C230E00A42108 /* XButtonView.swift */,
				AA3675E627B73A4400611D8A /* MiniXButtonView.swift */,
				AAF3A81827A2A4A20084B7A9 /* ImagePickerView.swift */,
			);
			path = SubViews;
			sourceTree = "<group>";
		};
		AAE5B28427848535000B8B09 /* EditFolders */ = {
			isa = PBXGroup;
			children = (
				AA9977A62782735A002B4C57 /* SortFoldersView.swift */,
				AA82C053277EA2B8001CEFFA /* EditFolderView.swift */,
			);
			path = EditFolders;
			sourceTree = "<group>";
		};
		AAE5B28527848557000B8B09 /* EditItemList */ = {
			isa = PBXGroup;
			children = (
				AA9977AA2783F176002B4C57 /* EditItemListView.swift */,
				AAE5B28627852F98000B8B09 /* EditItemCellView.swift */,
				AA3675DB27B49FF600611D8A /* CategoryLabelView.swift */,
				AAC3DDD12791A0F100983100 /* WeightLabelView.swift */,
				AAC3DDD32791A19F00983100 /* QuantityLabelView.swift */,
				AA340B9B27BD51EE0080DD33 /* ImageLabelView.swift */,
				AAC3DDCA27906B4000983100 /* EditItemDetail */,
				AAC3DDBF278F0E8000983100 /* Notification */,
				AA3675CE27B248E800611D8A /* Weight */,
			);
			path = EditItemList;
			sourceTree = "<group>";
		};
		AAF3A815279D87EF0084B7A9 /* Data */ = {
			isa = PBXGroup;
			children = (
				AAF3A813279D86B60084B7A9 /* Strings.strings */,
				AAF3A811279D55520084B7A9 /* SystemImageList.plist */,
				AAA8867327A3E59C00FD4D5E /* Icons.plist */,
				AA0C50FB27C8810400FBC56B /* MonoListSampleData.plist */,
				AA0C50FD27C8816800FBC56B /* MonoListCatalogData.plist */,
			);
			path = Data;
			sourceTree = "<group>";
		};
		CD14DAF8542E1CB5A39B2337 /* Frameworks */ = {
			isa = PBXGroup;
			children = (
				395E573228CF870EA90A642E /* Pods_MonoList.framework */,
			);
			name = Frameworks;
			sourceTree = "<group>";
		};
/* End PBXGroup section */

/* Begin PBXNativeTarget section */
		AA351A732776BB5300F53BDC /* MonoList */ = {
			isa = PBXNativeTarget;
			buildConfigurationList = AA351A872776BB5500F53BDC /* Build configuration list for PBXNativeTarget "MonoList" */;
			buildPhases = (
				C6DEA8CB98889930192ED0FD /* [CP] Check Pods Manifest.lock */,
				AA351A702776BB5300F53BDC /* Sources */,
				AA351A712776BB5300F53BDC /* Frameworks */,
				AA351A722776BB5300F53BDC /* Resources */,
				1B4586D90FD6C076A69666AC /* [CP] Embed Pods Frameworks */,
			);
			buildRules = (
			);
			dependencies = (
			);
			name = MonoList;
			packageProductDependencies = (
				AAFF272527BDEA4D000585EE /* ImageViewer */,
			);
			productName = MonoList;
			productReference = AA351A742776BB5300F53BDC /* MONOLIST.app */;
			productType = "com.apple.product-type.application";
		};
/* End PBXNativeTarget section */

/* Begin PBXProject section */
		AA351A6C2776BB5300F53BDC /* Project object */ = {
			isa = PBXProject;
			attributes = {
				BuildIndependentTargetsInParallel = 1;
				LastSwiftUpdateCheck = 1310;
				LastUpgradeCheck = 1310;
				TargetAttributes = {
					AA351A732776BB5300F53BDC = {
						CreatedOnToolsVersion = 13.1;
					};
				};
			};
			buildConfigurationList = AA351A6F2776BB5300F53BDC /* Build configuration list for PBXProject "MonoList" */;
			compatibilityVersion = "Xcode 13.0";
			developmentRegion = en;
			hasScannedForEncodings = 0;
			knownRegions = (
				en,
				Base,
			);
			mainGroup = AA351A6B2776BB5300F53BDC;
			packageReferences = (
				AAFF272427BDEA4D000585EE /* XCRemoteSwiftPackageReference "swiftui-image-viewer" */,
			);
			productRefGroup = AA351A752776BB5300F53BDC /* Products */;
			projectDirPath = "";
			projectRoot = "";
			targets = (
				AA351A732776BB5300F53BDC /* MonoList */,
			);
		};
/* End PBXProject section */

/* Begin PBXResourcesBuildPhase section */
		AA351A722776BB5300F53BDC /* Resources */ = {
			isa = PBXResourcesBuildPhase;
			buildActionMask = 2147483647;
			files = (
				AA351A7F2776BB5500F53BDC /* Preview Assets.xcassets in Resources */,
				AAF3A814279D86B60084B7A9 /* Strings.strings in Resources */,
				AAF3A812279D55520084B7A9 /* SystemImageList.plist in Resources */,
				AA6F605A27C1309F00DCB446 /* LICENSE in Resources */,
				AAA8867427A3E59C00FD4D5E /* Icons.plist in Resources */,
				AA0C50FE27C8816800FBC56B /* MonoListCatalogData.plist in Resources */,
				AA351A7C2776BB5500F53BDC /* Assets.xcassets in Resources */,
				AA340B9227BCA56D0080DD33 /* SampleImage.png in Resources */,
				AA0C50FC27C8810500FBC56B /* MonoListSampleData.plist in Resources */,
			);
			runOnlyForDeploymentPostprocessing = 0;
		};
/* End PBXResourcesBuildPhase section */

/* Begin PBXShellScriptBuildPhase section */
		1B4586D90FD6C076A69666AC /* [CP] Embed Pods Frameworks */ = {
			isa = PBXShellScriptBuildPhase;
			buildActionMask = 2147483647;
			files = (
			);
			inputFileListPaths = (
				"${PODS_ROOT}/Target Support Files/Pods-MonoList/Pods-MonoList-frameworks-${CONFIGURATION}-input-files.xcfilelist",
			);
			name = "[CP] Embed Pods Frameworks";
			outputFileListPaths = (
				"${PODS_ROOT}/Target Support Files/Pods-MonoList/Pods-MonoList-frameworks-${CONFIGURATION}-output-files.xcfilelist",
			);
			runOnlyForDeploymentPostprocessing = 0;
			shellPath = /bin/sh;
			shellScript = "\"${PODS_ROOT}/Target Support Files/Pods-MonoList/Pods-MonoList-frameworks.sh\"\n";
			showEnvVarsInLog = 0;
		};
		C6DEA8CB98889930192ED0FD /* [CP] Check Pods Manifest.lock */ = {
			isa = PBXShellScriptBuildPhase;
			buildActionMask = 2147483647;
			files = (
			);
			inputFileListPaths = (
			);
			inputPaths = (
				"${PODS_PODFILE_DIR_PATH}/Podfile.lock",
				"${PODS_ROOT}/Manifest.lock",
			);
			name = "[CP] Check Pods Manifest.lock";
			outputFileListPaths = (
			);
			outputPaths = (
				"$(DERIVED_FILE_DIR)/Pods-MonoList-checkManifestLockResult.txt",
			);
			runOnlyForDeploymentPostprocessing = 0;
			shellPath = /bin/sh;
			shellScript = "diff \"${PODS_PODFILE_DIR_PATH}/Podfile.lock\" \"${PODS_ROOT}/Manifest.lock\" > /dev/null\nif [ $? != 0 ] ; then\n    # print error to STDERR\n    echo \"error: The sandbox is not in sync with the Podfile.lock. Run 'pod install' or update your CocoaPods installation.\" >&2\n    exit 1\nfi\n# This output is used by Xcode 'outputs' to avoid re-running this script phase.\necho \"SUCCESS\" > \"${SCRIPT_OUTPUT_FILE_0}\"\n";
			showEnvVarsInLog = 0;
		};
/* End PBXShellScriptBuildPhase section */

/* Begin PBXSourcesBuildPhase section */
		AA351A702776BB5300F53BDC /* Sources */ = {
			isa = PBXSourcesBuildPhase;
			buildActionMask = 2147483647;
			files = (
				AA2E0C272789C92400D23B6B /* ItemListCellView.swift in Sources */,
				AA3675BD27B0AEC400611D8A /* ItemData.swift in Sources */,
				AA3675B927B0AE1F00611D8A /* FolderData.swift in Sources */,
				AAA8868327A3EBD000FD4D5E /* IconImageView.swift in Sources */,
				AA8750C8278DB1FA00540BA0 /* DateExtension.swift in Sources */,
				AA5FAB9827C5DCD100A85AC6 /* NoWeightView.swift in Sources */,
				AA3675DA27B4862200611D8A /* DarkHighlightButtonStyle.swift in Sources */,
				AA82C050277B319E001CEFFA /* Folder+CoreDataProperties.swift in Sources */,
				AA82C04C277B319E001CEFFA /* Notification+CoreDataProperties.swift in Sources */,
				AA8750B7278D3B7D00540BA0 /* ItemsGroupBoxView.swift in Sources */,
				AA3675D327B2548500611D8A /* Feedbacks.swift in Sources */,
				AACBBC79279C1F0D00A42108 /* CategoryManager.swift in Sources */,
				AA6F605427C0F1B400DCB446 /* PieChartView.swift in Sources */,
				AAA8867C27A3E76E00FD4D5E /* ListIconSection.swift in Sources */,
				AA8750C1278D518900540BA0 /* ExpandToggleStyle.swift in Sources */,
				AA351A812776BB5500F53BDC /* Persistence.swift in Sources */,
				AAC3DDD42791A19F00983100 /* QuantityLabelView.swift in Sources */,
				AA3675E527B733F800611D8A /* FitCapsuleButtonStyle.swift in Sources */,
				AAC3DDE627958FD800983100 /* LargeCircleButtonStyle.swift in Sources */,
				AA3675D827B33A7500611D8A /* EditCategoryView.swift in Sources */,
				AA9977AD2783F4AA002B4C57 /* ItemListsView.swift in Sources */,
				AA5FAB9427C5D6B400A85AC6 /* NoListsView.swift in Sources */,
				AA3675C127B0AF5200611D8A /* CategoryData.swift in Sources */,
				AAB52BF027C45DFE0050A912 /* NotificationsGroupBoxView.swift in Sources */,
				AAF3A81927A2A4A20084B7A9 /* ImagePickerView.swift in Sources */,
				AA8750BF278D3F0D00540BA0 /* ListTitleView.swift in Sources */,
				AA8750BD278D3E5E00540BA0 /* OthersGroupBoxView.swift in Sources */,
				AAB52BE227C32A970050A912 /* EditSpecificDateAndTimeNotificationView.swift in Sources */,
				AA0C50F327C7017400FBC56B /* InoperableView.swift in Sources */,
				AA351A7A2776BB5300F53BDC /* HomeView.swift in Sources */,
				AA3675CB27B0D59500611D8A /* SettingsView.swift in Sources */,
				AAC3DDC8278FE97200983100 /* SelectDestinationView.swift in Sources */,
				AAC3DDC1278FDBC600983100 /* AlarmView.swift in Sources */,
				AA6F605C27C13F6600DCB446 /* UIColorExtension.swift in Sources */,
				AAA8868127A3EA4000FD4D5E /* IconSectionHeaderView.swift in Sources */,
				AA351A842776BB5500F53BDC /* MonoList.xcdatamodeld in Sources */,
				AA3675E727B73A4400611D8A /* MiniXButtonView.swift in Sources */,
				AAB52BEC27C383080050A912 /* NotificationManager.swift in Sources */,
				AAFF272F27BE89DB000585EE /* PhotoCheckItemCell.swift in Sources */,
				AAFF272927BDF27E000585EE /* AppDelegate.swift in Sources */,
				AA8750B5278C57A700540BA0 /* InfoGroupBoxView.swift in Sources */,
				AA3675E327B5F5BF00611D8A /* RichAlertButtonStyle.swift in Sources */,
				AA0C50EF27C6FE6300FBC56B /* NomalCheckListView.swift in Sources */,
				AAC3DDE227940EAD00983100 /* CheckmarkToggleStyle.swift in Sources */,
				AAD949E6279866E5004A51AC /* CheckListProgressView.swift in Sources */,
				AACBBC74279AF8CD00A42108 /* Item+CoreDataClass.swift in Sources */,
				AA82C04D277B319E001CEFFA /* ItemList+CoreDataClass.swift in Sources */,
				AA3675D127B2495C00611D8A /* WeightView.swift in Sources */,
				AAB52BE527C34AC40050A912 /* Deeplinker.swift in Sources */,
				AAA8867A27A3E76E00FD4D5E /* ListIcon.swift in Sources */,
				AA340B8E27BC880B0080DD33 /* MLImagePicker.swift in Sources */,
				AA3675BF27B0AED000611D8A /* NotificationData.swift in Sources */,
				AAFF273127BE96B3000585EE /* PhotoCheckMarkView.swift in Sources */,
				AAFF272B27BE8293000585EE /* NomalCategoryCheckListView.swift in Sources */,
				AA8BD47A278DD3D300488027 /* WhiteGroupBoxStyle.swift in Sources */,
				AAA8867B27A3E76E00FD4D5E /* ListIconManager.swift in Sources */,
				AAC3DDDB2791D68A00983100 /* ItemListView.swift in Sources */,
				AA340B9027BC98760080DD33 /* PhotoButtonView.swift in Sources */,
				AA82C025277AC0D3001CEFFA /* Constants.swift in Sources */,
				AAFF272D27BE85A6000585EE /* PhotoCategoryCheckListView.swift in Sources */,
				AAD4B7BD27870BCE00D73EBE /* Focusable.swift in Sources */,
				AAE293512781C5780010F093 /* EditLabelView.swift in Sources */,
				AA82C052277DECC4001CEFFA /* MonoListManager.swift in Sources */,
				AA82C057277EF105001CEFFA /* CircleButtonStyle.swift in Sources */,
				AAF3A817279D88700084B7A9 /* ImageManager.swift in Sources */,
				AAC3DDBE278F080600983100 /* CapsuleButtonStyle.swift in Sources */,
				AA82C054277EA2B8001CEFFA /* EditFolderView.swift in Sources */,
				AA82C04B277B319E001CEFFA /* Notification+CoreDataClass.swift in Sources */,
				AA340B9C27BD51EE0080DD33 /* ImageLabelView.swift in Sources */,
				AA3675C327B0AF6800611D8A /* MonoListData.swift in Sources */,
				AA9977AB2783F176002B4C57 /* EditItemListView.swift in Sources */,
				AA0C50F127C6FEDA00FBC56B /* PhotoCheckListView.swift in Sources */,
				AA3675BB27B0AEB600611D8A /* ItemListData.swift in Sources */,
				AA3675DC27B49FF600611D8A /* CategoryLabelView.swift in Sources */,
				AAD949E42796B8CC004A51AC /* StringExtension.swift in Sources */,
				AA9977A72782735A002B4C57 /* SortFoldersView.swift in Sources */,
				AAB52BEA27C351EC0050A912 /* Environment.swift in Sources */,
				AA8750B1278C4DAD00540BA0 /* ItemListInfoView.swift in Sources */,
				AA469411279A71730083142D /* DoubleExtension.swift in Sources */,
				AA0C510027C8821300FBC56B /* DataManagementView.swift in Sources */,
				AA3675E927B745B800611D8A /* EditItemListButtonView.swift in Sources */,
				AAC3DDE42794408A00983100 /* CheckItemCell.swift in Sources */,
				AACBBC7D279C2F2200A42108 /* RoundedGrayTextFieldStyle.swift in Sources */,
				AA7E1E8C278ED9840080D80F /* EditRepeatNotificationView.swift in Sources */,
				AAC3DDCE27911E4D00983100 /* SelectCategoryView.swift in Sources */,
				AA0C50F527C707D400FBC56B /* EdgeInsetsExtension.swift in Sources */,
				AACBBC77279AFF2F00A42108 /* NoItemsView.swift in Sources */,
				AA0C50F727C70FE800FBC56B /* PlusPlanView.swift in Sources */,
				AAC3DDD72791AA4800983100 /* CheckListView.swift in Sources */,
				AACBBC72279AF8CD00A42108 /* Category+CoreDataClass.swift in Sources */,
				AAC3DDD22791A0F100983100 /* WeightLabelView.swift in Sources */,
				AA8750B9278D3D5D00540BA0 /* EditNotificationsGroupBoxView.swift in Sources */,
				AA82C04E277B319E001CEFFA /* ItemList+CoreDataProperties.swift in Sources */,
				AA8750CA278DB70000540BA0 /* NotificationListView.swift in Sources */,
				AA3675D527B32C4C00611D8A /* CategoriesView.swift in Sources */,
				AAB9BD53278136D70055CD85 /* FolderSectionView.swift in Sources */,
				AA351A782776BB5300F53BDC /* MonoListApp.swift in Sources */,
				AA82C04F277B319E001CEFFA /* Folder+CoreDataClass.swift in Sources */,
				AA340B9827BCCE9A0080DD33 /* UIImageExtension.swift in Sources */,
				AAC3DDDE2793056600983100 /* UINavigationControllerExtension.swift in Sources */,
				AA6F605627C0F1C500DCB446 /* PieSliceView.swift in Sources */,
				AA3675E127B5E73800611D8A /* RichAlert.swift in Sources */,
				AACBBC75279AF8CD00A42108 /* Item+CoreDataProperties.swift in Sources */,
				AACBBC7B279C230E00A42108 /* XButtonView.swift in Sources */,
				AACBBC73279AF8CD00A42108 /* Category+CoreDataProperties.swift in Sources */,
				AAA8867E27A3E9A600FD4D5E /* EditIconView.swift in Sources */,
				AAE5B28727852F98000B8B09 /* EditItemCellView.swift in Sources */,
				AAFF273327BE9DB6000585EE /* CategoryHeaderView.swift in Sources */,
				AAC3DDCC27906B5700983100 /* EditItemDetail.swift in Sources */,
				AA469414279A735B0083142D /* NumberView.swift in Sources */,
			);
			runOnlyForDeploymentPostprocessing = 0;
		};
/* End PBXSourcesBuildPhase section */

/* Begin XCBuildConfiguration section */
		AA351A852776BB5500F53BDC /* Debug */ = {
			isa = XCBuildConfiguration;
			buildSettings = {
				ALWAYS_SEARCH_USER_PATHS = NO;
				CLANG_ANALYZER_NONNULL = YES;
				CLANG_ANALYZER_NUMBER_OBJECT_CONVERSION = YES_AGGRESSIVE;
				CLANG_CXX_LANGUAGE_STANDARD = "gnu++17";
				CLANG_CXX_LIBRARY = "libc++";
				CLANG_ENABLE_MODULES = YES;
				CLANG_ENABLE_OBJC_ARC = YES;
				CLANG_ENABLE_OBJC_WEAK = YES;
				CLANG_WARN_BLOCK_CAPTURE_AUTORELEASING = YES;
				CLANG_WARN_BOOL_CONVERSION = YES;
				CLANG_WARN_COMMA = YES;
				CLANG_WARN_CONSTANT_CONVERSION = YES;
				CLANG_WARN_DEPRECATED_OBJC_IMPLEMENTATIONS = YES;
				CLANG_WARN_DIRECT_OBJC_ISA_USAGE = YES_ERROR;
				CLANG_WARN_DOCUMENTATION_COMMENTS = YES;
				CLANG_WARN_EMPTY_BODY = YES;
				CLANG_WARN_ENUM_CONVERSION = YES;
				CLANG_WARN_INFINITE_RECURSION = YES;
				CLANG_WARN_INT_CONVERSION = YES;
				CLANG_WARN_NON_LITERAL_NULL_CONVERSION = YES;
				CLANG_WARN_OBJC_IMPLICIT_RETAIN_SELF = YES;
				CLANG_WARN_OBJC_LITERAL_CONVERSION = YES;
				CLANG_WARN_OBJC_ROOT_CLASS = YES_ERROR;
				CLANG_WARN_QUOTED_INCLUDE_IN_FRAMEWORK_HEADER = YES;
				CLANG_WARN_RANGE_LOOP_ANALYSIS = YES;
				CLANG_WARN_STRICT_PROTOTYPES = YES;
				CLANG_WARN_SUSPICIOUS_MOVE = YES;
				CLANG_WARN_UNGUARDED_AVAILABILITY = YES_AGGRESSIVE;
				CLANG_WARN_UNREACHABLE_CODE = YES;
				CLANG_WARN__DUPLICATE_METHOD_MATCH = YES;
				COPY_PHASE_STRIP = NO;
				DEBUG_INFORMATION_FORMAT = dwarf;
				ENABLE_STRICT_OBJC_MSGSEND = YES;
				ENABLE_TESTABILITY = YES;
				GCC_C_LANGUAGE_STANDARD = gnu11;
				GCC_DYNAMIC_NO_PIC = NO;
				GCC_NO_COMMON_BLOCKS = YES;
				GCC_OPTIMIZATION_LEVEL = 0;
				GCC_PREPROCESSOR_DEFINITIONS = (
					"DEBUG=1",
					"$(inherited)",
				);
				GCC_WARN_64_TO_32_BIT_CONVERSION = YES;
				GCC_WARN_ABOUT_RETURN_TYPE = YES_ERROR;
				GCC_WARN_UNDECLARED_SELECTOR = YES;
				GCC_WARN_UNINITIALIZED_AUTOS = YES_AGGRESSIVE;
				GCC_WARN_UNUSED_FUNCTION = YES;
				GCC_WARN_UNUSED_VARIABLE = YES;
				IPHONEOS_DEPLOYMENT_TARGET = 15.0;
				MTL_ENABLE_DEBUG_INFO = INCLUDE_SOURCE;
				MTL_FAST_MATH = YES;
				ONLY_ACTIVE_ARCH = YES;
				SDKROOT = iphoneos;
				SWIFT_ACTIVE_COMPILATION_CONDITIONS = DEBUG;
				SWIFT_OPTIMIZATION_LEVEL = "-Onone";
			};
			name = Debug;
		};
		AA351A862776BB5500F53BDC /* Release */ = {
			isa = XCBuildConfiguration;
			buildSettings = {
				ALWAYS_SEARCH_USER_PATHS = NO;
				CLANG_ANALYZER_NONNULL = YES;
				CLANG_ANALYZER_NUMBER_OBJECT_CONVERSION = YES_AGGRESSIVE;
				CLANG_CXX_LANGUAGE_STANDARD = "gnu++17";
				CLANG_CXX_LIBRARY = "libc++";
				CLANG_ENABLE_MODULES = YES;
				CLANG_ENABLE_OBJC_ARC = YES;
				CLANG_ENABLE_OBJC_WEAK = YES;
				CLANG_WARN_BLOCK_CAPTURE_AUTORELEASING = YES;
				CLANG_WARN_BOOL_CONVERSION = YES;
				CLANG_WARN_COMMA = YES;
				CLANG_WARN_CONSTANT_CONVERSION = YES;
				CLANG_WARN_DEPRECATED_OBJC_IMPLEMENTATIONS = YES;
				CLANG_WARN_DIRECT_OBJC_ISA_USAGE = YES_ERROR;
				CLANG_WARN_DOCUMENTATION_COMMENTS = YES;
				CLANG_WARN_EMPTY_BODY = YES;
				CLANG_WARN_ENUM_CONVERSION = YES;
				CLANG_WARN_INFINITE_RECURSION = YES;
				CLANG_WARN_INT_CONVERSION = YES;
				CLANG_WARN_NON_LITERAL_NULL_CONVERSION = YES;
				CLANG_WARN_OBJC_IMPLICIT_RETAIN_SELF = YES;
				CLANG_WARN_OBJC_LITERAL_CONVERSION = YES;
				CLANG_WARN_OBJC_ROOT_CLASS = YES_ERROR;
				CLANG_WARN_QUOTED_INCLUDE_IN_FRAMEWORK_HEADER = YES;
				CLANG_WARN_RANGE_LOOP_ANALYSIS = YES;
				CLANG_WARN_STRICT_PROTOTYPES = YES;
				CLANG_WARN_SUSPICIOUS_MOVE = YES;
				CLANG_WARN_UNGUARDED_AVAILABILITY = YES_AGGRESSIVE;
				CLANG_WARN_UNREACHABLE_CODE = YES;
				CLANG_WARN__DUPLICATE_METHOD_MATCH = YES;
				COPY_PHASE_STRIP = NO;
				DEBUG_INFORMATION_FORMAT = "dwarf-with-dsym";
				ENABLE_NS_ASSERTIONS = NO;
				ENABLE_STRICT_OBJC_MSGSEND = YES;
				GCC_C_LANGUAGE_STANDARD = gnu11;
				GCC_NO_COMMON_BLOCKS = YES;
				GCC_WARN_64_TO_32_BIT_CONVERSION = YES;
				GCC_WARN_ABOUT_RETURN_TYPE = YES_ERROR;
				GCC_WARN_UNDECLARED_SELECTOR = YES;
				GCC_WARN_UNINITIALIZED_AUTOS = YES_AGGRESSIVE;
				GCC_WARN_UNUSED_FUNCTION = YES;
				GCC_WARN_UNUSED_VARIABLE = YES;
				IPHONEOS_DEPLOYMENT_TARGET = 15.0;
				MTL_ENABLE_DEBUG_INFO = NO;
				MTL_FAST_MATH = YES;
				SDKROOT = iphoneos;
				SWIFT_COMPILATION_MODE = wholemodule;
				SWIFT_OPTIMIZATION_LEVEL = "-O";
				VALIDATE_PRODUCT = YES;
			};
			name = Release;
		};
		AA351A882776BB5500F53BDC /* Debug */ = {
			isa = XCBuildConfiguration;
			baseConfigurationReference = F0EE50D098480142DD53E46D /* Pods-MonoList.debug.xcconfig */;
			buildSettings = {
				ASSETCATALOG_COMPILER_APPICON_NAME = AppIcon;
				ASSETCATALOG_COMPILER_GLOBAL_ACCENT_COLOR_NAME = AccentColor;
				CODE_SIGN_STYLE = Automatic;
				CURRENT_PROJECT_VERSION = 1;
				DEVELOPMENT_ASSET_PATHS = "\"MonoList/Preview Content\"";
				DEVELOPMENT_TEAM = GY28EP2J59;
				ENABLE_PREVIEWS = YES;
				GENERATE_INFOPLIST_FILE = YES;
				INFOPLIST_FILE = MonoList/Info.plist;
				INFOPLIST_KEY_NSCameraUsageDescription = "Used to take pictures of items.";
				INFOPLIST_KEY_UIApplicationSceneManifest_Generation = YES;
				INFOPLIST_KEY_UIApplicationSupportsIndirectInputEvents = YES;
				INFOPLIST_KEY_UILaunchScreen_Generation = YES;
				INFOPLIST_KEY_UISupportedInterfaceOrientations = UIInterfaceOrientationPortrait;
				INFOPLIST_KEY_UISupportedInterfaceOrientations_iPad = "UIInterfaceOrientationPortrait UIInterfaceOrientationPortraitUpsideDown UIInterfaceOrientationLandscapeLeft UIInterfaceOrientationLandscapeRight";
				INFOPLIST_KEY_UISupportedInterfaceOrientations_iPhone = UIInterfaceOrientationPortrait;
				IPHONEOS_DEPLOYMENT_TARGET = 15.0;
				LD_RUNPATH_SEARCH_PATHS = (
					"$(inherited)",
					"@executable_path/Frameworks",
				);
				MARKETING_VERSION = 1.0;
				PRODUCT_BUNDLE_IDENTIFIER = "com.gmail-takeuma9160.MonoList";
				PRODUCT_NAME = MONOLIST;
				SWIFT_EMIT_LOC_STRINGS = YES;
				SWIFT_VERSION = 5.0;
				TARGETED_DEVICE_FAMILY = 1;
			};
			name = Debug;
		};
		AA351A892776BB5500F53BDC /* Release */ = {
			isa = XCBuildConfiguration;
			baseConfigurationReference = A5E9CEE8228BBDA72956D0F6 /* Pods-MonoList.release.xcconfig */;
			buildSettings = {
				ASSETCATALOG_COMPILER_APPICON_NAME = AppIcon;
				ASSETCATALOG_COMPILER_GLOBAL_ACCENT_COLOR_NAME = AccentColor;
				CODE_SIGN_STYLE = Automatic;
				CURRENT_PROJECT_VERSION = 1;
				DEVELOPMENT_ASSET_PATHS = "\"MonoList/Preview Content\"";
				DEVELOPMENT_TEAM = GY28EP2J59;
				ENABLE_PREVIEWS = YES;
				GENERATE_INFOPLIST_FILE = YES;
				INFOPLIST_FILE = MonoList/Info.plist;
				INFOPLIST_KEY_NSCameraUsageDescription = "Used to take pictures of items.";
				INFOPLIST_KEY_UIApplicationSceneManifest_Generation = YES;
				INFOPLIST_KEY_UIApplicationSupportsIndirectInputEvents = YES;
				INFOPLIST_KEY_UILaunchScreen_Generation = YES;
				INFOPLIST_KEY_UISupportedInterfaceOrientations = UIInterfaceOrientationPortrait;
				INFOPLIST_KEY_UISupportedInterfaceOrientations_iPad = "UIInterfaceOrientationPortrait UIInterfaceOrientationPortraitUpsideDown UIInterfaceOrientationLandscapeLeft UIInterfaceOrientationLandscapeRight";
				INFOPLIST_KEY_UISupportedInterfaceOrientations_iPhone = UIInterfaceOrientationPortrait;
				IPHONEOS_DEPLOYMENT_TARGET = 15.0;
				LD_RUNPATH_SEARCH_PATHS = (
					"$(inherited)",
					"@executable_path/Frameworks",
				);
				MARKETING_VERSION = 1.0;
				PRODUCT_BUNDLE_IDENTIFIER = "com.gmail-takeuma9160.MonoList";
				PRODUCT_NAME = MONOLIST;
				SWIFT_EMIT_LOC_STRINGS = YES;
				SWIFT_VERSION = 5.0;
				TARGETED_DEVICE_FAMILY = 1;
			};
			name = Release;
		};
/* End XCBuildConfiguration section */

/* Begin XCConfigurationList section */
		AA351A6F2776BB5300F53BDC /* Build configuration list for PBXProject "MonoList" */ = {
			isa = XCConfigurationList;
			buildConfigurations = (
				AA351A852776BB5500F53BDC /* Debug */,
				AA351A862776BB5500F53BDC /* Release */,
			);
			defaultConfigurationIsVisible = 0;
			defaultConfigurationName = Release;
		};
		AA351A872776BB5500F53BDC /* Build configuration list for PBXNativeTarget "MonoList" */ = {
			isa = XCConfigurationList;
			buildConfigurations = (
				AA351A882776BB5500F53BDC /* Debug */,
				AA351A892776BB5500F53BDC /* Release */,
			);
			defaultConfigurationIsVisible = 0;
			defaultConfigurationName = Release;
		};
/* End XCConfigurationList section */

/* Begin XCRemoteSwiftPackageReference section */
		AAFF272427BDEA4D000585EE /* XCRemoteSwiftPackageReference "swiftui-image-viewer" */ = {
			isa = XCRemoteSwiftPackageReference;
			repositoryURL = "https://github.com/Jake-Short/swiftui-image-viewer.git";
			requirement = {
				branch = master;
				kind = branch;
			};
		};
/* End XCRemoteSwiftPackageReference section */

/* Begin XCSwiftPackageProductDependency section */
		AAFF272527BDEA4D000585EE /* ImageViewer */ = {
			isa = XCSwiftPackageProductDependency;
			package = AAFF272427BDEA4D000585EE /* XCRemoteSwiftPackageReference "swiftui-image-viewer" */;
			productName = ImageViewer;
		};
/* End XCSwiftPackageProductDependency section */

/* Begin XCVersionGroup section */
		AA351A822776BB5500F53BDC /* MonoList.xcdatamodeld */ = {
			isa = XCVersionGroup;
			children = (
				AA351A832776BB5500F53BDC /* MonoList.xcdatamodel */,
			);
			currentVersion = AA351A832776BB5500F53BDC /* MonoList.xcdatamodel */;
			path = MonoList.xcdatamodeld;
			sourceTree = "<group>";
			versionGroupType = wrapper.xcdatamodel;
		};
/* End XCVersionGroup section */
	};
	rootObject = AA351A6C2776BB5300F53BDC /* Project object */;
}
