// !$*UTF8*$!
{
	archiveVersion = 1;
	classes = {
	};
	objectVersion = 55;
	objects = {

/* Begin PBXBuildFile section */
		AA2E0C272789C92400D23B6B /* ItemListCellView.swift in Sources */ = {isa = PBXBuildFile; fileRef = AA2E0C262789C92400D23B6B /* ItemListCellView.swift */; };
		AA351A782776BB5300F53BDC /* MonoListApp.swift in Sources */ = {isa = PBXBuildFile; fileRef = AA351A772776BB5300F53BDC /* MonoListApp.swift */; };
		AA351A7A2776BB5300F53BDC /* HomeView.swift in Sources */ = {isa = PBXBuildFile; fileRef = AA351A792776BB5300F53BDC /* HomeView.swift */; };
		AA351A7C2776BB5500F53BDC /* Assets.xcassets in Resources */ = {isa = PBXBuildFile; fileRef = AA351A7B2776BB5500F53BDC /* Assets.xcassets */; };
		AA351A7F2776BB5500F53BDC /* Preview Assets.xcassets in Resources */ = {isa = PBXBuildFile; fileRef = AA351A7E2776BB5500F53BDC /* Preview Assets.xcassets */; };
		AA351A812776BB5500F53BDC /* Persistence.swift in Sources */ = {isa = PBXBuildFile; fileRef = AA351A802776BB5500F53BDC /* Persistence.swift */; };
		AA351A842776BB5500F53BDC /* MonoList.xcdatamodeld in Sources */ = {isa = PBXBuildFile; fileRef = AA351A822776BB5500F53BDC /* MonoList.xcdatamodeld */; };
		AA469411279A71730083142D /* DoubleExtension.swift in Sources */ = {isa = PBXBuildFile; fileRef = AA469410279A71730083142D /* DoubleExtension.swift */; };
		AA469414279A735B0083142D /* NumberView.swift in Sources */ = {isa = PBXBuildFile; fileRef = AA469413279A735B0083142D /* NumberView.swift */; };
		AA7E1E8C278ED9840080D80F /* EditNotificationView.swift in Sources */ = {isa = PBXBuildFile; fileRef = AA7E1E8B278ED9840080D80F /* EditNotificationView.swift */; };
		AA82C025277AC0D3001CEFFA /* Constants.swift in Sources */ = {isa = PBXBuildFile; fileRef = AA82C024277AC0D3001CEFFA /* Constants.swift */; };
		AA82C04B277B319E001CEFFA /* Notification+CoreDataClass.swift in Sources */ = {isa = PBXBuildFile; fileRef = AA82C043277B319E001CEFFA /* Notification+CoreDataClass.swift */; };
		AA82C04C277B319E001CEFFA /* Notification+CoreDataProperties.swift in Sources */ = {isa = PBXBuildFile; fileRef = AA82C044277B319E001CEFFA /* Notification+CoreDataProperties.swift */; };
		AA82C04D277B319E001CEFFA /* ItemList+CoreDataClass.swift in Sources */ = {isa = PBXBuildFile; fileRef = AA82C045277B319E001CEFFA /* ItemList+CoreDataClass.swift */; };
		AA82C04E277B319E001CEFFA /* ItemList+CoreDataProperties.swift in Sources */ = {isa = PBXBuildFile; fileRef = AA82C046277B319E001CEFFA /* ItemList+CoreDataProperties.swift */; };
		AA82C04F277B319E001CEFFA /* Folder+CoreDataClass.swift in Sources */ = {isa = PBXBuildFile; fileRef = AA82C047277B319E001CEFFA /* Folder+CoreDataClass.swift */; };
		AA82C050277B319E001CEFFA /* Folder+CoreDataProperties.swift in Sources */ = {isa = PBXBuildFile; fileRef = AA82C048277B319E001CEFFA /* Folder+CoreDataProperties.swift */; };
		AA82C052277DECC4001CEFFA /* MonoListManager.swift in Sources */ = {isa = PBXBuildFile; fileRef = AA82C051277DECC4001CEFFA /* MonoListManager.swift */; };
		AA82C054277EA2B8001CEFFA /* EditFolderView.swift in Sources */ = {isa = PBXBuildFile; fileRef = AA82C053277EA2B8001CEFFA /* EditFolderView.swift */; };
		AA82C057277EF105001CEFFA /* CircleButtonStyle.swift in Sources */ = {isa = PBXBuildFile; fileRef = AA82C056277EF105001CEFFA /* CircleButtonStyle.swift */; };
		AA8750B1278C4DAD00540BA0 /* AllInfoView.swift in Sources */ = {isa = PBXBuildFile; fileRef = AA8750B0278C4DAD00540BA0 /* AllInfoView.swift */; };
		AA8750B5278C57A700540BA0 /* InfoGroupBoxView.swift in Sources */ = {isa = PBXBuildFile; fileRef = AA8750B4278C57A700540BA0 /* InfoGroupBoxView.swift */; };
		AA8750B7278D3B7D00540BA0 /* ItemsGroupBoxView.swift in Sources */ = {isa = PBXBuildFile; fileRef = AA8750B6278D3B7D00540BA0 /* ItemsGroupBoxView.swift */; };
		AA8750B9278D3D5D00540BA0 /* NotificationsGroupBoxView.swift in Sources */ = {isa = PBXBuildFile; fileRef = AA8750B8278D3D5D00540BA0 /* NotificationsGroupBoxView.swift */; };
		AA8750BB278D3DEA00540BA0 /* AchievementsGroupBoxView.swift in Sources */ = {isa = PBXBuildFile; fileRef = AA8750BA278D3DEA00540BA0 /* AchievementsGroupBoxView.swift */; };
		AA8750BD278D3E5E00540BA0 /* OthersGroupBoxView.swift in Sources */ = {isa = PBXBuildFile; fileRef = AA8750BC278D3E5E00540BA0 /* OthersGroupBoxView.swift */; };
		AA8750BF278D3F0D00540BA0 /* ListTitleView.swift in Sources */ = {isa = PBXBuildFile; fileRef = AA8750BE278D3F0D00540BA0 /* ListTitleView.swift */; };
		AA8750C1278D518900540BA0 /* ExpandToggleStyle.swift in Sources */ = {isa = PBXBuildFile; fileRef = AA8750C0278D518900540BA0 /* ExpandToggleStyle.swift */; };
		AA8750C5278DAB5C00540BA0 /* ItemListDetailView.swift in Sources */ = {isa = PBXBuildFile; fileRef = AA8750C4278DAB5C00540BA0 /* ItemListDetailView.swift */; };
		AA8750C8278DB1FA00540BA0 /* DateExtension.swift in Sources */ = {isa = PBXBuildFile; fileRef = AA8750C7278DB1FA00540BA0 /* DateExtension.swift */; };
		AA8750CA278DB70000540BA0 /* NotificationListView.swift in Sources */ = {isa = PBXBuildFile; fileRef = AA8750C9278DB70000540BA0 /* NotificationListView.swift */; };
		AA8BD47A278DD3D300488027 /* WhiteGroupBoxStyle.swift in Sources */ = {isa = PBXBuildFile; fileRef = AA8BD479278DD3D300488027 /* WhiteGroupBoxStyle.swift */; };
		AA9977A72782735A002B4C57 /* SortFoldersView.swift in Sources */ = {isa = PBXBuildFile; fileRef = AA9977A62782735A002B4C57 /* SortFoldersView.swift */; };
		AA9977AB2783F176002B4C57 /* EditItemListView.swift in Sources */ = {isa = PBXBuildFile; fileRef = AA9977AA2783F176002B4C57 /* EditItemListView.swift */; };
		AA9977AD2783F4AA002B4C57 /* ItemListsView.swift in Sources */ = {isa = PBXBuildFile; fileRef = AA9977AC2783F4AA002B4C57 /* ItemListsView.swift */; };
		AAB9BD53278136D70055CD85 /* FolderSectionView.swift in Sources */ = {isa = PBXBuildFile; fileRef = AAB9BD52278136D70055CD85 /* FolderSectionView.swift */; };
		AAC3DDBE278F080600983100 /* CapsuleButtonStyle.swift in Sources */ = {isa = PBXBuildFile; fileRef = AAC3DDBD278F080600983100 /* CapsuleButtonStyle.swift */; };
		AAC3DDC1278FDBC600983100 /* AlarmView.swift in Sources */ = {isa = PBXBuildFile; fileRef = AAC3DDC0278FDBC600983100 /* AlarmView.swift */; };
		AAC3DDC3278FDFC100983100 /* WeightView.swift in Sources */ = {isa = PBXBuildFile; fileRef = AAC3DDC2278FDFC100983100 /* WeightView.swift */; };
		AAC3DDC5278FE0BA00983100 /* InfoView.swift in Sources */ = {isa = PBXBuildFile; fileRef = AAC3DDC4278FE0BA00983100 /* InfoView.swift */; };
		AAC3DDC8278FE97200983100 /* SelectDestinationView.swift in Sources */ = {isa = PBXBuildFile; fileRef = AAC3DDC7278FE97200983100 /* SelectDestinationView.swift */; };
		AAC3DDCC27906B5700983100 /* EditItemDetail.swift in Sources */ = {isa = PBXBuildFile; fileRef = AAC3DDCB27906B5700983100 /* EditItemDetail.swift */; };
		AAC3DDCE27911E4D00983100 /* SelectCategoryView.swift in Sources */ = {isa = PBXBuildFile; fileRef = AAC3DDCD27911E4D00983100 /* SelectCategoryView.swift */; };
		AAC3DDD22791A0F100983100 /* WeightLabelView.swift in Sources */ = {isa = PBXBuildFile; fileRef = AAC3DDD12791A0F100983100 /* WeightLabelView.swift */; };
		AAC3DDD42791A19F00983100 /* QuantityLabelView.swift in Sources */ = {isa = PBXBuildFile; fileRef = AAC3DDD32791A19F00983100 /* QuantityLabelView.swift */; };
		AAC3DDD72791AA4800983100 /* CheckListView.swift in Sources */ = {isa = PBXBuildFile; fileRef = AAC3DDD62791AA4800983100 /* CheckListView.swift */; };
		AAC3DDDB2791D68A00983100 /* ItemListView.swift in Sources */ = {isa = PBXBuildFile; fileRef = AAC3DDDA2791D68A00983100 /* ItemListView.swift */; };
		AAC3DDDE2793056600983100 /* UINavigationControllerExtension.swift in Sources */ = {isa = PBXBuildFile; fileRef = AAC3DDDD2793056500983100 /* UINavigationControllerExtension.swift */; };
		AAC3DDE227940EAD00983100 /* CheckmarkToggleStyle.swift in Sources */ = {isa = PBXBuildFile; fileRef = AAC3DDE127940EAC00983100 /* CheckmarkToggleStyle.swift */; };
		AAC3DDE42794408A00983100 /* CheckItemCell.swift in Sources */ = {isa = PBXBuildFile; fileRef = AAC3DDE32794408A00983100 /* CheckItemCell.swift */; };
		AAC3DDE627958FD800983100 /* LargeCircleButtonStyle.swift in Sources */ = {isa = PBXBuildFile; fileRef = AAC3DDE527958FD800983100 /* LargeCircleButtonStyle.swift */; };
		AACBBC72279AF8CD00A42108 /* Category+CoreDataClass.swift in Sources */ = {isa = PBXBuildFile; fileRef = AACBBC6E279AF8CD00A42108 /* Category+CoreDataClass.swift */; };
		AACBBC73279AF8CD00A42108 /* Category+CoreDataProperties.swift in Sources */ = {isa = PBXBuildFile; fileRef = AACBBC6F279AF8CD00A42108 /* Category+CoreDataProperties.swift */; };
		AACBBC74279AF8CD00A42108 /* Item+CoreDataClass.swift in Sources */ = {isa = PBXBuildFile; fileRef = AACBBC70279AF8CD00A42108 /* Item+CoreDataClass.swift */; };
		AACBBC75279AF8CD00A42108 /* Item+CoreDataProperties.swift in Sources */ = {isa = PBXBuildFile; fileRef = AACBBC71279AF8CD00A42108 /* Item+CoreDataProperties.swift */; };
		AACBBC77279AFF2F00A42108 /* NoItemsView.swift in Sources */ = {isa = PBXBuildFile; fileRef = AACBBC76279AFF2F00A42108 /* NoItemsView.swift */; };
		AACBBC79279C1F0D00A42108 /* CategoryManager.swift in Sources */ = {isa = PBXBuildFile; fileRef = AACBBC78279C1F0D00A42108 /* CategoryManager.swift */; };
		AAD4B7BD27870BCE00D73EBE /* Focusable.swift in Sources */ = {isa = PBXBuildFile; fileRef = AAD4B7BC27870BCE00D73EBE /* Focusable.swift */; };
		AAD949E42796B8CC004A51AC /* StringExtension.swift in Sources */ = {isa = PBXBuildFile; fileRef = AAD949E32796B8CC004A51AC /* StringExtension.swift */; };
		AAD949E6279866E5004A51AC /* CheckListProgressView.swift in Sources */ = {isa = PBXBuildFile; fileRef = AAD949E5279866E5004A51AC /* CheckListProgressView.swift */; };
		AAE293512781C5780010F093 /* EditButtonView.swift in Sources */ = {isa = PBXBuildFile; fileRef = AAE293502781C5780010F093 /* EditButtonView.swift */; };
		AAE5B28727852F98000B8B09 /* EditItemCellView.swift in Sources */ = {isa = PBXBuildFile; fileRef = AAE5B28627852F98000B8B09 /* EditItemCellView.swift */; };
/* End PBXBuildFile section */

/* Begin PBXFileReference section */
		AA2E0C262789C92400D23B6B /* ItemListCellView.swift */ = {isa = PBXFileReference; lastKnownFileType = sourcecode.swift; path = ItemListCellView.swift; sourceTree = "<group>"; };
		AA351A742776BB5300F53BDC /* MonoList.app */ = {isa = PBXFileReference; explicitFileType = wrapper.application; includeInIndex = 0; path = MonoList.app; sourceTree = BUILT_PRODUCTS_DIR; };
		AA351A772776BB5300F53BDC /* MonoListApp.swift */ = {isa = PBXFileReference; lastKnownFileType = sourcecode.swift; path = MonoListApp.swift; sourceTree = "<group>"; };
		AA351A792776BB5300F53BDC /* HomeView.swift */ = {isa = PBXFileReference; lastKnownFileType = sourcecode.swift; path = HomeView.swift; sourceTree = "<group>"; };
		AA351A7B2776BB5500F53BDC /* Assets.xcassets */ = {isa = PBXFileReference; lastKnownFileType = folder.assetcatalog; path = Assets.xcassets; sourceTree = "<group>"; };
		AA351A7E2776BB5500F53BDC /* Preview Assets.xcassets */ = {isa = PBXFileReference; lastKnownFileType = folder.assetcatalog; path = "Preview Assets.xcassets"; sourceTree = "<group>"; };
		AA351A802776BB5500F53BDC /* Persistence.swift */ = {isa = PBXFileReference; lastKnownFileType = sourcecode.swift; path = Persistence.swift; sourceTree = "<group>"; };
		AA351A832776BB5500F53BDC /* MonoList.xcdatamodel */ = {isa = PBXFileReference; lastKnownFileType = wrapper.xcdatamodel; path = MonoList.xcdatamodel; sourceTree = "<group>"; };
		AA469410279A71730083142D /* DoubleExtension.swift */ = {isa = PBXFileReference; lastKnownFileType = sourcecode.swift; path = DoubleExtension.swift; sourceTree = "<group>"; };
		AA469413279A735B0083142D /* NumberView.swift */ = {isa = PBXFileReference; lastKnownFileType = sourcecode.swift; path = NumberView.swift; sourceTree = "<group>"; };
		AA7E1E8B278ED9840080D80F /* EditNotificationView.swift */ = {isa = PBXFileReference; lastKnownFileType = sourcecode.swift; path = EditNotificationView.swift; sourceTree = "<group>"; };
		AA82C024277AC0D3001CEFFA /* Constants.swift */ = {isa = PBXFileReference; lastKnownFileType = sourcecode.swift; path = Constants.swift; sourceTree = "<group>"; };
		AA82C043277B319E001CEFFA /* Notification+CoreDataClass.swift */ = {isa = PBXFileReference; lastKnownFileType = sourcecode.swift; path = "Notification+CoreDataClass.swift"; sourceTree = "<group>"; };
		AA82C044277B319E001CEFFA /* Notification+CoreDataProperties.swift */ = {isa = PBXFileReference; lastKnownFileType = sourcecode.swift; path = "Notification+CoreDataProperties.swift"; sourceTree = "<group>"; };
		AA82C045277B319E001CEFFA /* ItemList+CoreDataClass.swift */ = {isa = PBXFileReference; lastKnownFileType = sourcecode.swift; path = "ItemList+CoreDataClass.swift"; sourceTree = "<group>"; };
		AA82C046277B319E001CEFFA /* ItemList+CoreDataProperties.swift */ = {isa = PBXFileReference; lastKnownFileType = sourcecode.swift; path = "ItemList+CoreDataProperties.swift"; sourceTree = "<group>"; };
		AA82C047277B319E001CEFFA /* Folder+CoreDataClass.swift */ = {isa = PBXFileReference; lastKnownFileType = sourcecode.swift; path = "Folder+CoreDataClass.swift"; sourceTree = "<group>"; };
		AA82C048277B319E001CEFFA /* Folder+CoreDataProperties.swift */ = {isa = PBXFileReference; lastKnownFileType = sourcecode.swift; path = "Folder+CoreDataProperties.swift"; sourceTree = "<group>"; };
		AA82C051277DECC4001CEFFA /* MonoListManager.swift */ = {isa = PBXFileReference; lastKnownFileType = sourcecode.swift; path = MonoListManager.swift; sourceTree = "<group>"; };
		AA82C053277EA2B8001CEFFA /* EditFolderView.swift */ = {isa = PBXFileReference; lastKnownFileType = sourcecode.swift; path = EditFolderView.swift; sourceTree = "<group>"; };
		AA82C056277EF105001CEFFA /* CircleButtonStyle.swift */ = {isa = PBXFileReference; lastKnownFileType = sourcecode.swift; path = CircleButtonStyle.swift; sourceTree = "<group>"; };
		AA8750B0278C4DAD00540BA0 /* AllInfoView.swift */ = {isa = PBXFileReference; lastKnownFileType = sourcecode.swift; path = AllInfoView.swift; sourceTree = "<group>"; };
		AA8750B4278C57A700540BA0 /* InfoGroupBoxView.swift */ = {isa = PBXFileReference; lastKnownFileType = sourcecode.swift; path = InfoGroupBoxView.swift; sourceTree = "<group>"; };
		AA8750B6278D3B7D00540BA0 /* ItemsGroupBoxView.swift */ = {isa = PBXFileReference; lastKnownFileType = sourcecode.swift; path = ItemsGroupBoxView.swift; sourceTree = "<group>"; };
		AA8750B8278D3D5D00540BA0 /* NotificationsGroupBoxView.swift */ = {isa = PBXFileReference; lastKnownFileType = sourcecode.swift; path = NotificationsGroupBoxView.swift; sourceTree = "<group>"; };
		AA8750BA278D3DEA00540BA0 /* AchievementsGroupBoxView.swift */ = {isa = PBXFileReference; lastKnownFileType = sourcecode.swift; path = AchievementsGroupBoxView.swift; sourceTree = "<group>"; };
		AA8750BC278D3E5E00540BA0 /* OthersGroupBoxView.swift */ = {isa = PBXFileReference; lastKnownFileType = sourcecode.swift; path = OthersGroupBoxView.swift; sourceTree = "<group>"; };
		AA8750BE278D3F0D00540BA0 /* ListTitleView.swift */ = {isa = PBXFileReference; lastKnownFileType = sourcecode.swift; path = ListTitleView.swift; sourceTree = "<group>"; };
		AA8750C0278D518900540BA0 /* ExpandToggleStyle.swift */ = {isa = PBXFileReference; lastKnownFileType = sourcecode.swift; path = ExpandToggleStyle.swift; sourceTree = "<group>"; };
		AA8750C4278DAB5C00540BA0 /* ItemListDetailView.swift */ = {isa = PBXFileReference; lastKnownFileType = sourcecode.swift; path = ItemListDetailView.swift; sourceTree = "<group>"; };
		AA8750C7278DB1FA00540BA0 /* DateExtension.swift */ = {isa = PBXFileReference; lastKnownFileType = sourcecode.swift; path = DateExtension.swift; sourceTree = "<group>"; };
		AA8750C9278DB70000540BA0 /* NotificationListView.swift */ = {isa = PBXFileReference; lastKnownFileType = sourcecode.swift; path = NotificationListView.swift; sourceTree = "<group>"; };
		AA8BD479278DD3D300488027 /* WhiteGroupBoxStyle.swift */ = {isa = PBXFileReference; lastKnownFileType = sourcecode.swift; path = WhiteGroupBoxStyle.swift; sourceTree = "<group>"; };
		AA9977A62782735A002B4C57 /* SortFoldersView.swift */ = {isa = PBXFileReference; lastKnownFileType = sourcecode.swift; path = SortFoldersView.swift; sourceTree = "<group>"; };
		AA9977AA2783F176002B4C57 /* EditItemListView.swift */ = {isa = PBXFileReference; lastKnownFileType = sourcecode.swift; path = EditItemListView.swift; sourceTree = "<group>"; };
		AA9977AC2783F4AA002B4C57 /* ItemListsView.swift */ = {isa = PBXFileReference; lastKnownFileType = sourcecode.swift; path = ItemListsView.swift; sourceTree = "<group>"; };
		AAB9BD52278136D70055CD85 /* FolderSectionView.swift */ = {isa = PBXFileReference; lastKnownFileType = sourcecode.swift; path = FolderSectionView.swift; sourceTree = "<group>"; };
		AAC3DDBD278F080600983100 /* CapsuleButtonStyle.swift */ = {isa = PBXFileReference; lastKnownFileType = sourcecode.swift; path = CapsuleButtonStyle.swift; sourceTree = "<group>"; };
		AAC3DDC0278FDBC600983100 /* AlarmView.swift */ = {isa = PBXFileReference; lastKnownFileType = sourcecode.swift; path = AlarmView.swift; sourceTree = "<group>"; };
		AAC3DDC2278FDFC100983100 /* WeightView.swift */ = {isa = PBXFileReference; lastKnownFileType = sourcecode.swift; path = WeightView.swift; sourceTree = "<group>"; };
		AAC3DDC4278FE0BA00983100 /* InfoView.swift */ = {isa = PBXFileReference; lastKnownFileType = sourcecode.swift; path = InfoView.swift; sourceTree = "<group>"; };
		AAC3DDC7278FE97200983100 /* SelectDestinationView.swift */ = {isa = PBXFileReference; lastKnownFileType = sourcecode.swift; path = SelectDestinationView.swift; sourceTree = "<group>"; };
		AAC3DDCB27906B5700983100 /* EditItemDetail.swift */ = {isa = PBXFileReference; lastKnownFileType = sourcecode.swift; path = EditItemDetail.swift; sourceTree = "<group>"; };
		AAC3DDCD27911E4D00983100 /* SelectCategoryView.swift */ = {isa = PBXFileReference; lastKnownFileType = sourcecode.swift; path = SelectCategoryView.swift; sourceTree = "<group>"; };
		AAC3DDD12791A0F100983100 /* WeightLabelView.swift */ = {isa = PBXFileReference; lastKnownFileType = sourcecode.swift; path = WeightLabelView.swift; sourceTree = "<group>"; };
		AAC3DDD32791A19F00983100 /* QuantityLabelView.swift */ = {isa = PBXFileReference; lastKnownFileType = sourcecode.swift; path = QuantityLabelView.swift; sourceTree = "<group>"; };
		AAC3DDD62791AA4800983100 /* CheckListView.swift */ = {isa = PBXFileReference; lastKnownFileType = sourcecode.swift; path = CheckListView.swift; sourceTree = "<group>"; };
		AAC3DDDA2791D68A00983100 /* ItemListView.swift */ = {isa = PBXFileReference; lastKnownFileType = sourcecode.swift; path = ItemListView.swift; sourceTree = "<group>"; };
		AAC3DDDD2793056500983100 /* UINavigationControllerExtension.swift */ = {isa = PBXFileReference; lastKnownFileType = sourcecode.swift; path = UINavigationControllerExtension.swift; sourceTree = "<group>"; };
		AAC3DDE127940EAC00983100 /* CheckmarkToggleStyle.swift */ = {isa = PBXFileReference; lastKnownFileType = sourcecode.swift; path = CheckmarkToggleStyle.swift; sourceTree = "<group>"; };
		AAC3DDE32794408A00983100 /* CheckItemCell.swift */ = {isa = PBXFileReference; lastKnownFileType = sourcecode.swift; path = CheckItemCell.swift; sourceTree = "<group>"; };
		AAC3DDE527958FD800983100 /* LargeCircleButtonStyle.swift */ = {isa = PBXFileReference; lastKnownFileType = sourcecode.swift; path = LargeCircleButtonStyle.swift; sourceTree = "<group>"; };
		AACBBC6E279AF8CD00A42108 /* Category+CoreDataClass.swift */ = {isa = PBXFileReference; lastKnownFileType = sourcecode.swift; path = "Category+CoreDataClass.swift"; sourceTree = "<group>"; };
		AACBBC6F279AF8CD00A42108 /* Category+CoreDataProperties.swift */ = {isa = PBXFileReference; lastKnownFileType = sourcecode.swift; path = "Category+CoreDataProperties.swift"; sourceTree = "<group>"; };
		AACBBC70279AF8CD00A42108 /* Item+CoreDataClass.swift */ = {isa = PBXFileReference; lastKnownFileType = sourcecode.swift; path = "Item+CoreDataClass.swift"; sourceTree = "<group>"; };
		AACBBC71279AF8CD00A42108 /* Item+CoreDataProperties.swift */ = {isa = PBXFileReference; lastKnownFileType = sourcecode.swift; path = "Item+CoreDataProperties.swift"; sourceTree = "<group>"; };
		AACBBC76279AFF2F00A42108 /* NoItemsView.swift */ = {isa = PBXFileReference; lastKnownFileType = sourcecode.swift; path = NoItemsView.swift; sourceTree = "<group>"; };
		AACBBC78279C1F0D00A42108 /* CategoryManager.swift */ = {isa = PBXFileReference; lastKnownFileType = sourcecode.swift; path = CategoryManager.swift; sourceTree = "<group>"; };
		AAD4B7BC27870BCE00D73EBE /* Focusable.swift */ = {isa = PBXFileReference; lastKnownFileType = sourcecode.swift; path = Focusable.swift; sourceTree = "<group>"; };
		AAD949E32796B8CC004A51AC /* StringExtension.swift */ = {isa = PBXFileReference; lastKnownFileType = sourcecode.swift; path = StringExtension.swift; sourceTree = "<group>"; };
		AAD949E5279866E5004A51AC /* CheckListProgressView.swift */ = {isa = PBXFileReference; lastKnownFileType = sourcecode.swift; path = CheckListProgressView.swift; sourceTree = "<group>"; };
		AAE293502781C5780010F093 /* EditButtonView.swift */ = {isa = PBXFileReference; lastKnownFileType = sourcecode.swift; path = EditButtonView.swift; sourceTree = "<group>"; };
		AAE5B28627852F98000B8B09 /* EditItemCellView.swift */ = {isa = PBXFileReference; lastKnownFileType = sourcecode.swift; path = EditItemCellView.swift; sourceTree = "<group>"; };
/* End PBXFileReference section */

/* Begin PBXFrameworksBuildPhase section */
		AA351A712776BB5300F53BDC /* Frameworks */ = {
			isa = PBXFrameworksBuildPhase;
			buildActionMask = 2147483647;
			files = (
			);
			runOnlyForDeploymentPostprocessing = 0;
		};
/* End PBXFrameworksBuildPhase section */

/* Begin PBXGroup section */
		AA351A6B2776BB5300F53BDC = {
			isa = PBXGroup;
			children = (
				AA351A762776BB5300F53BDC /* MonoList */,
				AA351A752776BB5300F53BDC /* Products */,
			);
			sourceTree = "<group>";
		};
		AA351A752776BB5300F53BDC /* Products */ = {
			isa = PBXGroup;
			children = (
				AA351A742776BB5300F53BDC /* MonoList.app */,
			);
			name = Products;
			sourceTree = "<group>";
		};
		AA351A762776BB5300F53BDC /* MonoList */ = {
			isa = PBXGroup;
			children = (
				AA469412279A73370083142D /* Modifiers */,
				AA8750C6278DB1C100540BA0 /* Extensions */,
				AAD4B7BB27870BB900D73EBE /* Enums */,
				AA82C03A277B0DF9001CEFFA /* Models */,
				AA82C023277AC0B3001CEFFA /* Utilities */,
				AA82C055277EEF53001CEFFA /* Styles */,
				AA351A772776BB5300F53BDC /* MonoListApp.swift */,
				AA82C058277EF500001CEFFA /* Views */,
				AAE5B283278484FA000B8B09 /* SubViews */,
				AA351A7B2776BB5500F53BDC /* Assets.xcassets */,
				AA351A802776BB5500F53BDC /* Persistence.swift */,
				AA351A822776BB5500F53BDC /* MonoList.xcdatamodeld */,
				AA351A7D2776BB5500F53BDC /* Preview Content */,
			);
			path = MonoList;
			sourceTree = "<group>";
		};
		AA351A7D2776BB5500F53BDC /* Preview Content */ = {
			isa = PBXGroup;
			children = (
				AA351A7E2776BB5500F53BDC /* Preview Assets.xcassets */,
			);
			path = "Preview Content";
			sourceTree = "<group>";
		};
		AA469412279A73370083142D /* Modifiers */ = {
			isa = PBXGroup;
			children = (
				AA469413279A735B0083142D /* NumberView.swift */,
			);
			path = Modifiers;
			sourceTree = "<group>";
		};
		AA82C023277AC0B3001CEFFA /* Utilities */ = {
			isa = PBXGroup;
			children = (
				AA82C024277AC0D3001CEFFA /* Constants.swift */,
			);
			path = Utilities;
			sourceTree = "<group>";
		};
		AA82C03A277B0DF9001CEFFA /* Models */ = {
			isa = PBXGroup;
			children = (
				AACBBC6E279AF8CD00A42108 /* Category+CoreDataClass.swift */,
				AACBBC6F279AF8CD00A42108 /* Category+CoreDataProperties.swift */,
				AACBBC70279AF8CD00A42108 /* Item+CoreDataClass.swift */,
				AACBBC71279AF8CD00A42108 /* Item+CoreDataProperties.swift */,
				AA82C043277B319E001CEFFA /* Notification+CoreDataClass.swift */,
				AA82C044277B319E001CEFFA /* Notification+CoreDataProperties.swift */,
				AA82C045277B319E001CEFFA /* ItemList+CoreDataClass.swift */,
				AA82C046277B319E001CEFFA /* ItemList+CoreDataProperties.swift */,
				AA82C047277B319E001CEFFA /* Folder+CoreDataClass.swift */,
				AA82C048277B319E001CEFFA /* Folder+CoreDataProperties.swift */,
				AA82C051277DECC4001CEFFA /* MonoListManager.swift */,
				AACBBC78279C1F0D00A42108 /* CategoryManager.swift */,
			);
			path = Models;
			sourceTree = "<group>";
		};
		AA82C055277EEF53001CEFFA /* Styles */ = {
			isa = PBXGroup;
			children = (
				AA82C056277EF105001CEFFA /* CircleButtonStyle.swift */,
				AAC3DDE527958FD800983100 /* LargeCircleButtonStyle.swift */,
				AAC3DDBD278F080600983100 /* CapsuleButtonStyle.swift */,
				AA8750C0278D518900540BA0 /* ExpandToggleStyle.swift */,
				AAC3DDE127940EAC00983100 /* CheckmarkToggleStyle.swift */,
				AA8BD479278DD3D300488027 /* WhiteGroupBoxStyle.swift */,
			);
			path = Styles;
			sourceTree = "<group>";
		};
		AA82C058277EF500001CEFFA /* Views */ = {
			isa = PBXGroup;
			children = (
				AAE5B282278484E6000B8B09 /* Home */,
				AAC3DDD52791AA2500983100 /* CheckAndEditItemListView */,
				AAC3DDC6278FE94C00983100 /* SelectDestination */,
				AAE5B28427848535000B8B09 /* SortFolders */,
				AA8750B3278C4DB800540BA0 /* ItemListInfo */,
			);
			path = Views;
			sourceTree = "<group>";
		};
		AA8750B3278C4DB800540BA0 /* ItemListInfo */ = {
			isa = PBXGroup;
			children = (
				AA8750B0278C4DAD00540BA0 /* AllInfoView.swift */,
				AA8750B4278C57A700540BA0 /* InfoGroupBoxView.swift */,
				AA8750BE278D3F0D00540BA0 /* ListTitleView.swift */,
				AA8750B6278D3B7D00540BA0 /* ItemsGroupBoxView.swift */,
				AA8750BA278D3DEA00540BA0 /* AchievementsGroupBoxView.swift */,
				AA8750BC278D3E5E00540BA0 /* OthersGroupBoxView.swift */,
			);
			path = ItemListInfo;
			sourceTree = "<group>";
		};
		AA8750C6278DB1C100540BA0 /* Extensions */ = {
			isa = PBXGroup;
			children = (
				AA8750C7278DB1FA00540BA0 /* DateExtension.swift */,
				AA469410279A71730083142D /* DoubleExtension.swift */,
				AAC3DDDD2793056500983100 /* UINavigationControllerExtension.swift */,
				AAD949E32796B8CC004A51AC /* StringExtension.swift */,
			);
			path = Extensions;
			sourceTree = "<group>";
		};
		AAC3DDBF278F0E8000983100 /* Notification */ = {
			isa = PBXGroup;
			children = (
				AAC3DDC0278FDBC600983100 /* AlarmView.swift */,
				AA8750B8278D3D5D00540BA0 /* NotificationsGroupBoxView.swift */,
				AA8750C9278DB70000540BA0 /* NotificationListView.swift */,
				AA7E1E8B278ED9840080D80F /* EditNotificationView.swift */,
			);
			path = Notification;
			sourceTree = "<group>";
		};
		AAC3DDC6278FE94C00983100 /* SelectDestination */ = {
			isa = PBXGroup;
			children = (
				AAC3DDC7278FE97200983100 /* SelectDestinationView.swift */,
			);
			path = SelectDestination;
			sourceTree = "<group>";
		};
		AAC3DDC927906B2400983100 /* ItemListDetail */ = {
			isa = PBXGroup;
			children = (
				AA8750C4278DAB5C00540BA0 /* ItemListDetailView.swift */,
				AAC3DDC2278FDFC100983100 /* WeightView.swift */,
				AAC3DDC4278FE0BA00983100 /* InfoView.swift */,
			);
			path = ItemListDetail;
			sourceTree = "<group>";
		};
		AAC3DDCA27906B4000983100 /* EditItemDetail */ = {
			isa = PBXGroup;
			children = (
				AAC3DDCB27906B5700983100 /* EditItemDetail.swift */,
				AAC3DDCD27911E4D00983100 /* SelectCategoryView.swift */,
			);
			path = EditItemDetail;
			sourceTree = "<group>";
		};
		AAC3DDD52791AA2500983100 /* CheckAndEditItemListView */ = {
			isa = PBXGroup;
			children = (
				AAC3DDDA2791D68A00983100 /* ItemListView.swift */,
				AAC3DDDC2792ACE400983100 /* CheckList */,
				AAE5B28527848557000B8B09 /* EditItemList */,
			);
			path = CheckAndEditItemListView;
			sourceTree = "<group>";
		};
		AAC3DDDC2792ACE400983100 /* CheckList */ = {
			isa = PBXGroup;
			children = (
				AAC3DDD62791AA4800983100 /* CheckListView.swift */,
				AAD949E5279866E5004A51AC /* CheckListProgressView.swift */,
				AAC3DDE32794408A00983100 /* CheckItemCell.swift */,
			);
			path = CheckList;
			sourceTree = "<group>";
		};
		AAD4B7BB27870BB900D73EBE /* Enums */ = {
			isa = PBXGroup;
			children = (
				AAD4B7BC27870BCE00D73EBE /* Focusable.swift */,
			);
			path = Enums;
			sourceTree = "<group>";
		};
		AAE5B282278484E6000B8B09 /* Home */ = {
			isa = PBXGroup;
			children = (
				AA351A792776BB5300F53BDC /* HomeView.swift */,
				AAB9BD52278136D70055CD85 /* FolderSectionView.swift */,
				AA9977AC2783F4AA002B4C57 /* ItemListsView.swift */,
				AA2E0C262789C92400D23B6B /* ItemListCellView.swift */,
			);
			path = Home;
			sourceTree = "<group>";
		};
		AAE5B283278484FA000B8B09 /* SubViews */ = {
			isa = PBXGroup;
			children = (
				AAE293502781C5780010F093 /* EditButtonView.swift */,
				AACBBC76279AFF2F00A42108 /* NoItemsView.swift */,
			);
			path = SubViews;
			sourceTree = "<group>";
		};
		AAE5B28427848535000B8B09 /* SortFolders */ = {
			isa = PBXGroup;
			children = (
				AA9977A62782735A002B4C57 /* SortFoldersView.swift */,
				AA82C053277EA2B8001CEFFA /* EditFolderView.swift */,
			);
			path = SortFolders;
			sourceTree = "<group>";
		};
		AAE5B28527848557000B8B09 /* EditItemList */ = {
			isa = PBXGroup;
			children = (
				AA9977AA2783F176002B4C57 /* EditItemListView.swift */,
				AAE5B28627852F98000B8B09 /* EditItemCellView.swift */,
				AAC3DDD12791A0F100983100 /* WeightLabelView.swift */,
				AAC3DDD32791A19F00983100 /* QuantityLabelView.swift */,
				AAC3DDCA27906B4000983100 /* EditItemDetail */,
				AAC3DDC927906B2400983100 /* ItemListDetail */,
				AAC3DDBF278F0E8000983100 /* Notification */,
			);
			path = EditItemList;
			sourceTree = "<group>";
		};
/* End PBXGroup section */

/* Begin PBXNativeTarget section */
		AA351A732776BB5300F53BDC /* MonoList */ = {
			isa = PBXNativeTarget;
			buildConfigurationList = AA351A872776BB5500F53BDC /* Build configuration list for PBXNativeTarget "MonoList" */;
			buildPhases = (
				AA351A702776BB5300F53BDC /* Sources */,
				AA351A712776BB5300F53BDC /* Frameworks */,
				AA351A722776BB5300F53BDC /* Resources */,
			);
			buildRules = (
			);
			dependencies = (
			);
			name = MonoList;
			productName = MonoList;
			productReference = AA351A742776BB5300F53BDC /* MonoList.app */;
			productType = "com.apple.product-type.application";
		};
/* End PBXNativeTarget section */

/* Begin PBXProject section */
		AA351A6C2776BB5300F53BDC /* Project object */ = {
			isa = PBXProject;
			attributes = {
				BuildIndependentTargetsInParallel = 1;
				LastSwiftUpdateCheck = 1310;
				LastUpgradeCheck = 1310;
				TargetAttributes = {
					AA351A732776BB5300F53BDC = {
						CreatedOnToolsVersion = 13.1;
					};
				};
			};
			buildConfigurationList = AA351A6F2776BB5300F53BDC /* Build configuration list for PBXProject "MonoList" */;
			compatibilityVersion = "Xcode 13.0";
			developmentRegion = en;
			hasScannedForEncodings = 0;
			knownRegions = (
				en,
				Base,
			);
			mainGroup = AA351A6B2776BB5300F53BDC;
			productRefGroup = AA351A752776BB5300F53BDC /* Products */;
			projectDirPath = "";
			projectRoot = "";
			targets = (
				AA351A732776BB5300F53BDC /* MonoList */,
			);
		};
/* End PBXProject section */

/* Begin PBXResourcesBuildPhase section */
		AA351A722776BB5300F53BDC /* Resources */ = {
			isa = PBXResourcesBuildPhase;
			buildActionMask = 2147483647;
			files = (
				AA351A7F2776BB5500F53BDC /* Preview Assets.xcassets in Resources */,
				AA351A7C2776BB5500F53BDC /* Assets.xcassets in Resources */,
			);
			runOnlyForDeploymentPostprocessing = 0;
		};
/* End PBXResourcesBuildPhase section */

/* Begin PBXSourcesBuildPhase section */
		AA351A702776BB5300F53BDC /* Sources */ = {
			isa = PBXSourcesBuildPhase;
			buildActionMask = 2147483647;
			files = (
				AA2E0C272789C92400D23B6B /* ItemListCellView.swift in Sources */,
				AA8750C8278DB1FA00540BA0 /* DateExtension.swift in Sources */,
				AA82C050277B319E001CEFFA /* Folder+CoreDataProperties.swift in Sources */,
				AA82C04C277B319E001CEFFA /* Notification+CoreDataProperties.swift in Sources */,
				AA8750B7278D3B7D00540BA0 /* ItemsGroupBoxView.swift in Sources */,
				AACBBC79279C1F0D00A42108 /* CategoryManager.swift in Sources */,
				AA8750C1278D518900540BA0 /* ExpandToggleStyle.swift in Sources */,
				AA351A812776BB5500F53BDC /* Persistence.swift in Sources */,
				AAC3DDD42791A19F00983100 /* QuantityLabelView.swift in Sources */,
				AAC3DDE627958FD800983100 /* LargeCircleButtonStyle.swift in Sources */,
				AAC3DDC5278FE0BA00983100 /* InfoView.swift in Sources */,
				AA9977AD2783F4AA002B4C57 /* ItemListsView.swift in Sources */,
				AA8750BF278D3F0D00540BA0 /* ListTitleView.swift in Sources */,
				AA8750BD278D3E5E00540BA0 /* OthersGroupBoxView.swift in Sources */,
				AA351A7A2776BB5300F53BDC /* HomeView.swift in Sources */,
				AAC3DDC8278FE97200983100 /* SelectDestinationView.swift in Sources */,
				AAC3DDC1278FDBC600983100 /* AlarmView.swift in Sources */,
				AA351A842776BB5500F53BDC /* MonoList.xcdatamodeld in Sources */,
				AA8750B5278C57A700540BA0 /* InfoGroupBoxView.swift in Sources */,
				AAC3DDE227940EAD00983100 /* CheckmarkToggleStyle.swift in Sources */,
				AAD949E6279866E5004A51AC /* CheckListProgressView.swift in Sources */,
				AACBBC74279AF8CD00A42108 /* Item+CoreDataClass.swift in Sources */,
				AA82C04D277B319E001CEFFA /* ItemList+CoreDataClass.swift in Sources */,
				AA8BD47A278DD3D300488027 /* WhiteGroupBoxStyle.swift in Sources */,
				AAC3DDDB2791D68A00983100 /* ItemListView.swift in Sources */,
				AA82C025277AC0D3001CEFFA /* Constants.swift in Sources */,
				AAD4B7BD27870BCE00D73EBE /* Focusable.swift in Sources */,
				AAE293512781C5780010F093 /* EditButtonView.swift in Sources */,
				AA82C052277DECC4001CEFFA /* MonoListManager.swift in Sources */,
				AA82C057277EF105001CEFFA /* CircleButtonStyle.swift in Sources */,
				AAC3DDBE278F080600983100 /* CapsuleButtonStyle.swift in Sources */,
				AA82C054277EA2B8001CEFFA /* EditFolderView.swift in Sources */,
				AA82C04B277B319E001CEFFA /* Notification+CoreDataClass.swift in Sources */,
				AA9977AB2783F176002B4C57 /* EditItemListView.swift in Sources */,
				AAD949E42796B8CC004A51AC /* StringExtension.swift in Sources */,
				AA8750C5278DAB5C00540BA0 /* ItemListDetailView.swift in Sources */,
				AA9977A72782735A002B4C57 /* SortFoldersView.swift in Sources */,
				AA8750B1278C4DAD00540BA0 /* AllInfoView.swift in Sources */,
				AA469411279A71730083142D /* DoubleExtension.swift in Sources */,
				AAC3DDE42794408A00983100 /* CheckItemCell.swift in Sources */,
				AA7E1E8C278ED9840080D80F /* EditNotificationView.swift in Sources */,
				AAC3DDCE27911E4D00983100 /* SelectCategoryView.swift in Sources */,
				AACBBC77279AFF2F00A42108 /* NoItemsView.swift in Sources */,
				AAC3DDD72791AA4800983100 /* CheckListView.swift in Sources */,
				AAC3DDC3278FDFC100983100 /* WeightView.swift in Sources */,
				AACBBC72279AF8CD00A42108 /* Category+CoreDataClass.swift in Sources */,
				AAC3DDD22791A0F100983100 /* WeightLabelView.swift in Sources */,
				AA8750B9278D3D5D00540BA0 /* NotificationsGroupBoxView.swift in Sources */,
				AA82C04E277B319E001CEFFA /* ItemList+CoreDataProperties.swift in Sources */,
				AA8750CA278DB70000540BA0 /* NotificationListView.swift in Sources */,
				AAB9BD53278136D70055CD85 /* FolderSectionView.swift in Sources */,
				AA351A782776BB5300F53BDC /* MonoListApp.swift in Sources */,
				AA82C04F277B319E001CEFFA /* Folder+CoreDataClass.swift in Sources */,
				AAC3DDDE2793056600983100 /* UINavigationControllerExtension.swift in Sources */,
				AACBBC75279AF8CD00A42108 /* Item+CoreDataProperties.swift in Sources */,
				AACBBC73279AF8CD00A42108 /* Category+CoreDataProperties.swift in Sources */,
				AAE5B28727852F98000B8B09 /* EditItemCellView.swift in Sources */,
				AAC3DDCC27906B5700983100 /* EditItemDetail.swift in Sources */,
				AA8750BB278D3DEA00540BA0 /* AchievementsGroupBoxView.swift in Sources */,
				AA469414279A735B0083142D /* NumberView.swift in Sources */,
			);
			runOnlyForDeploymentPostprocessing = 0;
		};
/* End PBXSourcesBuildPhase section */

/* Begin XCBuildConfiguration section */
		AA351A852776BB5500F53BDC /* Debug */ = {
			isa = XCBuildConfiguration;
			buildSettings = {
				ALWAYS_SEARCH_USER_PATHS = NO;
				CLANG_ANALYZER_NONNULL = YES;
				CLANG_ANALYZER_NUMBER_OBJECT_CONVERSION = YES_AGGRESSIVE;
				CLANG_CXX_LANGUAGE_STANDARD = "gnu++17";
				CLANG_CXX_LIBRARY = "libc++";
				CLANG_ENABLE_MODULES = YES;
				CLANG_ENABLE_OBJC_ARC = YES;
				CLANG_ENABLE_OBJC_WEAK = YES;
				CLANG_WARN_BLOCK_CAPTURE_AUTORELEASING = YES;
				CLANG_WARN_BOOL_CONVERSION = YES;
				CLANG_WARN_COMMA = YES;
				CLANG_WARN_CONSTANT_CONVERSION = YES;
				CLANG_WARN_DEPRECATED_OBJC_IMPLEMENTATIONS = YES;
				CLANG_WARN_DIRECT_OBJC_ISA_USAGE = YES_ERROR;
				CLANG_WARN_DOCUMENTATION_COMMENTS = YES;
				CLANG_WARN_EMPTY_BODY = YES;
				CLANG_WARN_ENUM_CONVERSION = YES;
				CLANG_WARN_INFINITE_RECURSION = YES;
				CLANG_WARN_INT_CONVERSION = YES;
				CLANG_WARN_NON_LITERAL_NULL_CONVERSION = YES;
				CLANG_WARN_OBJC_IMPLICIT_RETAIN_SELF = YES;
				CLANG_WARN_OBJC_LITERAL_CONVERSION = YES;
				CLANG_WARN_OBJC_ROOT_CLASS = YES_ERROR;
				CLANG_WARN_QUOTED_INCLUDE_IN_FRAMEWORK_HEADER = YES;
				CLANG_WARN_RANGE_LOOP_ANALYSIS = YES;
				CLANG_WARN_STRICT_PROTOTYPES = YES;
				CLANG_WARN_SUSPICIOUS_MOVE = YES;
				CLANG_WARN_UNGUARDED_AVAILABILITY = YES_AGGRESSIVE;
				CLANG_WARN_UNREACHABLE_CODE = YES;
				CLANG_WARN__DUPLICATE_METHOD_MATCH = YES;
				COPY_PHASE_STRIP = NO;
				DEBUG_INFORMATION_FORMAT = dwarf;
				ENABLE_STRICT_OBJC_MSGSEND = YES;
				ENABLE_TESTABILITY = YES;
				GCC_C_LANGUAGE_STANDARD = gnu11;
				GCC_DYNAMIC_NO_PIC = NO;
				GCC_NO_COMMON_BLOCKS = YES;
				GCC_OPTIMIZATION_LEVEL = 0;
				GCC_PREPROCESSOR_DEFINITIONS = (
					"DEBUG=1",
					"$(inherited)",
				);
				GCC_WARN_64_TO_32_BIT_CONVERSION = YES;
				GCC_WARN_ABOUT_RETURN_TYPE = YES_ERROR;
				GCC_WARN_UNDECLARED_SELECTOR = YES;
				GCC_WARN_UNINITIALIZED_AUTOS = YES_AGGRESSIVE;
				GCC_WARN_UNUSED_FUNCTION = YES;
				GCC_WARN_UNUSED_VARIABLE = YES;
				IPHONEOS_DEPLOYMENT_TARGET = 15.0;
				MTL_ENABLE_DEBUG_INFO = INCLUDE_SOURCE;
				MTL_FAST_MATH = YES;
				ONLY_ACTIVE_ARCH = YES;
				SDKROOT = iphoneos;
				SWIFT_ACTIVE_COMPILATION_CONDITIONS = DEBUG;
				SWIFT_OPTIMIZATION_LEVEL = "-Onone";
			};
			name = Debug;
		};
		AA351A862776BB5500F53BDC /* Release */ = {
			isa = XCBuildConfiguration;
			buildSettings = {
				ALWAYS_SEARCH_USER_PATHS = NO;
				CLANG_ANALYZER_NONNULL = YES;
				CLANG_ANALYZER_NUMBER_OBJECT_CONVERSION = YES_AGGRESSIVE;
				CLANG_CXX_LANGUAGE_STANDARD = "gnu++17";
				CLANG_CXX_LIBRARY = "libc++";
				CLANG_ENABLE_MODULES = YES;
				CLANG_ENABLE_OBJC_ARC = YES;
				CLANG_ENABLE_OBJC_WEAK = YES;
				CLANG_WARN_BLOCK_CAPTURE_AUTORELEASING = YES;
				CLANG_WARN_BOOL_CONVERSION = YES;
				CLANG_WARN_COMMA = YES;
				CLANG_WARN_CONSTANT_CONVERSION = YES;
				CLANG_WARN_DEPRECATED_OBJC_IMPLEMENTATIONS = YES;
				CLANG_WARN_DIRECT_OBJC_ISA_USAGE = YES_ERROR;
				CLANG_WARN_DOCUMENTATION_COMMENTS = YES;
				CLANG_WARN_EMPTY_BODY = YES;
				CLANG_WARN_ENUM_CONVERSION = YES;
				CLANG_WARN_INFINITE_RECURSION = YES;
				CLANG_WARN_INT_CONVERSION = YES;
				CLANG_WARN_NON_LITERAL_NULL_CONVERSION = YES;
				CLANG_WARN_OBJC_IMPLICIT_RETAIN_SELF = YES;
				CLANG_WARN_OBJC_LITERAL_CONVERSION = YES;
				CLANG_WARN_OBJC_ROOT_CLASS = YES_ERROR;
				CLANG_WARN_QUOTED_INCLUDE_IN_FRAMEWORK_HEADER = YES;
				CLANG_WARN_RANGE_LOOP_ANALYSIS = YES;
				CLANG_WARN_STRICT_PROTOTYPES = YES;
				CLANG_WARN_SUSPICIOUS_MOVE = YES;
				CLANG_WARN_UNGUARDED_AVAILABILITY = YES_AGGRESSIVE;
				CLANG_WARN_UNREACHABLE_CODE = YES;
				CLANG_WARN__DUPLICATE_METHOD_MATCH = YES;
				COPY_PHASE_STRIP = NO;
				DEBUG_INFORMATION_FORMAT = "dwarf-with-dsym";
				ENABLE_NS_ASSERTIONS = NO;
				ENABLE_STRICT_OBJC_MSGSEND = YES;
				GCC_C_LANGUAGE_STANDARD = gnu11;
				GCC_NO_COMMON_BLOCKS = YES;
				GCC_WARN_64_TO_32_BIT_CONVERSION = YES;
				GCC_WARN_ABOUT_RETURN_TYPE = YES_ERROR;
				GCC_WARN_UNDECLARED_SELECTOR = YES;
				GCC_WARN_UNINITIALIZED_AUTOS = YES_AGGRESSIVE;
				GCC_WARN_UNUSED_FUNCTION = YES;
				GCC_WARN_UNUSED_VARIABLE = YES;
				IPHONEOS_DEPLOYMENT_TARGET = 15.0;
				MTL_ENABLE_DEBUG_INFO = NO;
				MTL_FAST_MATH = YES;
				SDKROOT = iphoneos;
				SWIFT_COMPILATION_MODE = wholemodule;
				SWIFT_OPTIMIZATION_LEVEL = "-O";
				VALIDATE_PRODUCT = YES;
			};
			name = Release;
		};
		AA351A882776BB5500F53BDC /* Debug */ = {
			isa = XCBuildConfiguration;
			buildSettings = {
				ASSETCATALOG_COMPILER_APPICON_NAME = AppIcon;
				ASSETCATALOG_COMPILER_GLOBAL_ACCENT_COLOR_NAME = AccentColor;
				CODE_SIGN_STYLE = Automatic;
				CURRENT_PROJECT_VERSION = 1;
				DEVELOPMENT_ASSET_PATHS = "\"MonoList/Preview Content\"";
				DEVELOPMENT_TEAM = GY28EP2J59;
				ENABLE_PREVIEWS = YES;
				GENERATE_INFOPLIST_FILE = YES;
				INFOPLIST_KEY_UIApplicationSceneManifest_Generation = YES;
				INFOPLIST_KEY_UIApplicationSupportsIndirectInputEvents = YES;
				INFOPLIST_KEY_UILaunchScreen_Generation = YES;
				INFOPLIST_KEY_UISupportedInterfaceOrientations_iPad = "UIInterfaceOrientationPortrait UIInterfaceOrientationPortraitUpsideDown UIInterfaceOrientationLandscapeLeft UIInterfaceOrientationLandscapeRight";
				INFOPLIST_KEY_UISupportedInterfaceOrientations_iPhone = "UIInterfaceOrientationPortrait UIInterfaceOrientationLandscapeLeft UIInterfaceOrientationLandscapeRight";
				LD_RUNPATH_SEARCH_PATHS = (
					"$(inherited)",
					"@executable_path/Frameworks",
				);
				MARKETING_VERSION = 1.0;
				PRODUCT_BUNDLE_IDENTIFIER = "com.gmail-takeuma9160.MonoList";
				PRODUCT_NAME = "$(TARGET_NAME)";
				SWIFT_EMIT_LOC_STRINGS = YES;
				SWIFT_VERSION = 5.0;
				TARGETED_DEVICE_FAMILY = "1,2";
			};
			name = Debug;
		};
		AA351A892776BB5500F53BDC /* Release */ = {
			isa = XCBuildConfiguration;
			buildSettings = {
				ASSETCATALOG_COMPILER_APPICON_NAME = AppIcon;
				ASSETCATALOG_COMPILER_GLOBAL_ACCENT_COLOR_NAME = AccentColor;
				CODE_SIGN_STYLE = Automatic;
				CURRENT_PROJECT_VERSION = 1;
				DEVELOPMENT_ASSET_PATHS = "\"MonoList/Preview Content\"";
				DEVELOPMENT_TEAM = GY28EP2J59;
				ENABLE_PREVIEWS = YES;
				GENERATE_INFOPLIST_FILE = YES;
				INFOPLIST_KEY_UIApplicationSceneManifest_Generation = YES;
				INFOPLIST_KEY_UIApplicationSupportsIndirectInputEvents = YES;
				INFOPLIST_KEY_UILaunchScreen_Generation = YES;
				INFOPLIST_KEY_UISupportedInterfaceOrientations_iPad = "UIInterfaceOrientationPortrait UIInterfaceOrientationPortraitUpsideDown UIInterfaceOrientationLandscapeLeft UIInterfaceOrientationLandscapeRight";
				INFOPLIST_KEY_UISupportedInterfaceOrientations_iPhone = "UIInterfaceOrientationPortrait UIInterfaceOrientationLandscapeLeft UIInterfaceOrientationLandscapeRight";
				LD_RUNPATH_SEARCH_PATHS = (
					"$(inherited)",
					"@executable_path/Frameworks",
				);
				MARKETING_VERSION = 1.0;
				PRODUCT_BUNDLE_IDENTIFIER = "com.gmail-takeuma9160.MonoList";
				PRODUCT_NAME = "$(TARGET_NAME)";
				SWIFT_EMIT_LOC_STRINGS = YES;
				SWIFT_VERSION = 5.0;
				TARGETED_DEVICE_FAMILY = "1,2";
			};
			name = Release;
		};
/* End XCBuildConfiguration section */

/* Begin XCConfigurationList section */
		AA351A6F2776BB5300F53BDC /* Build configuration list for PBXProject "MonoList" */ = {
			isa = XCConfigurationList;
			buildConfigurations = (
				AA351A852776BB5500F53BDC /* Debug */,
				AA351A862776BB5500F53BDC /* Release */,
			);
			defaultConfigurationIsVisible = 0;
			defaultConfigurationName = Release;
		};
		AA351A872776BB5500F53BDC /* Build configuration list for PBXNativeTarget "MonoList" */ = {
			isa = XCConfigurationList;
			buildConfigurations = (
				AA351A882776BB5500F53BDC /* Debug */,
				AA351A892776BB5500F53BDC /* Release */,
			);
			defaultConfigurationIsVisible = 0;
			defaultConfigurationName = Release;
		};
/* End XCConfigurationList section */

/* Begin XCVersionGroup section */
		AA351A822776BB5500F53BDC /* MonoList.xcdatamodeld */ = {
			isa = XCVersionGroup;
			children = (
				AA351A832776BB5500F53BDC /* MonoList.xcdatamodel */,
			);
			currentVersion = AA351A832776BB5500F53BDC /* MonoList.xcdatamodel */;
			path = MonoList.xcdatamodeld;
			sourceTree = "<group>";
			versionGroupType = wrapper.xcdatamodel;
		};
/* End XCVersionGroup section */
	};
	rootObject = AA351A6C2776BB5300F53BDC /* Project object */;
}
